Microsoft Visual Studio Solution File, Format Version 12.00
# Visual Studio 15
Project("{8BC9CEB8-8B4A-11D0-8D11-00A0C91BC942}") = "ALL_BUILD", "ALL_BUILD.vcxproj", "{224B57EC-DA89-36E2-AB9E-F0756CF2BF7D}"
	ProjectSection(ProjectDependencies) = postProject
		{44ACC400-D12E-364B-AB2F-2887A4FE7A82} = {44ACC400-D12E-364B-AB2F-2887A4FE7A82}
		{CD5D6CC7-DA95-3C85-BAC8-0D30668F9925} = {CD5D6CC7-DA95-3C85-BAC8-0D30668F9925}
		{8610FC02-CC1E-32EE-B17E-0EBA5C5EEFFF} = {8610FC02-CC1E-32EE-B17E-0EBA5C5EEFFF}
		{DBD0A9C5-99E2-3354-AD1C-A429562A7025} = {DBD0A9C5-99E2-3354-AD1C-A429562A7025}
		{8DC45B16-3846-3C2F-B825-4D974ADDC2D1} = {8DC45B16-3846-3C2F-B825-4D974ADDC2D1}
		{2623C8BB-4F60-37F5-929B-1B28BD95D17C} = {2623C8BB-4F60-37F5-929B-1B28BD95D17C}
		{7F623A3C-C2E0-3A39-9168-6B2D2CE54670} = {7F623A3C-C2E0-3A39-9168-6B2D2CE54670}
		{B6C605E9-ABF5-30A2-8744-D219897E6678} = {B6C605E9-ABF5-30A2-8744-D219897E6678}
		{809D169A-9E2F-3B8C-93CC-B3729B558733} = {809D169A-9E2F-3B8C-93CC-B3729B558733}
		{29A627D8-BFBF-3E39-9A2F-B500CAF74508} = {29A627D8-BFBF-3E39-9A2F-B500CAF74508}
		{97C655E9-073C-3CAD-9ABE-294D5BB3C211} = {97C655E9-073C-3CAD-9ABE-294D5BB3C211}
		{18B14508-7BCF-319A-B7F9-ED06C31B59B9} = {18B14508-7BCF-319A-B7F9-ED06C31B59B9}
		{06E5D884-CB23-352F-A497-3C1ADB9930C8} = {06E5D884-CB23-352F-A497-3C1ADB9930C8}
		{F5A4660C-EF1B-38BB-AE64-2DF4E9009E02} = {F5A4660C-EF1B-38BB-AE64-2DF4E9009E02}
		{6F76AF7A-EEAE-34A8-ADB5-78B8E04ED493} = {6F76AF7A-EEAE-34A8-ADB5-78B8E04ED493}
		{1B889ACD-8DEA-3FA5-B245-D74506A30E99} = {1B889ACD-8DEA-3FA5-B245-D74506A30E99}
		{69B23328-0033-338F-B98F-BAAEF472494E} = {69B23328-0033-338F-B98F-BAAEF472494E}
		{B56493E4-9C50-35F0-A5A3-703E0CA9C72A} = {B56493E4-9C50-35F0-A5A3-703E0CA9C72A}
		{21B3B101-B9FF-3FB3-88CA-1828AFFC2C50} = {21B3B101-B9FF-3FB3-88CA-1828AFFC2C50}
		{6AB9A687-0B10-3195-AB2E-C2093DFC8E39} = {6AB9A687-0B10-3195-AB2E-C2093DFC8E39}
		{86D3BD90-F29D-386A-B6C0-EEA777CAB846} = {86D3BD90-F29D-386A-B6C0-EEA777CAB846}
		{44A0F275-E2F3-38AC-A8B0-6648871354A6} = {44A0F275-E2F3-38AC-A8B0-6648871354A6}
		{EABD7760-917F-35AD-B732-73A8D62B1055} = {EABD7760-917F-35AD-B732-73A8D62B1055}
		{18AD44B2-14B7-33B1-8B03-199FDA550358} = {18AD44B2-14B7-33B1-8B03-199FDA550358}
		{EF7CC2F6-765A-3940-8F98-04DC80DF931A} = {EF7CC2F6-765A-3940-8F98-04DC80DF931A}
		{0D084F0B-FE29-30CD-B52A-FB1FB6CDCBE7} = {0D084F0B-FE29-30CD-B52A-FB1FB6CDCBE7}
		{602F75A2-237A-301E-BB51-3CEF670C2453} = {602F75A2-237A-301E-BB51-3CEF670C2453}
		{63DE2468-936B-33F3-B688-6B8428297226} = {63DE2468-936B-33F3-B688-6B8428297226}
		{D7182421-4AD3-3F31-BB16-E98840888F4B} = {D7182421-4AD3-3F31-BB16-E98840888F4B}
	EndProjectSection
EndProject
Project("{8BC9CEB8-8B4A-11D0-8D11-00A0C91BC942}") = "App_obj2sdf", "Extras\obj2sdf\App_obj2sdf.vcxproj", "{44ACC400-D12E-364B-AB2F-2887A4FE7A82}"
	ProjectSection(ProjectDependencies) = postProject
		{DBD0A9C5-99E2-3354-AD1C-A429562A7025} = {DBD0A9C5-99E2-3354-AD1C-A429562A7025}
		{63DE2468-936B-33F3-B688-6B8428297226} = {63DE2468-936B-33F3-B688-6B8428297226}
	EndProjectSection
EndProject
Project("{8BC9CEB8-8B4A-11D0-8D11-00A0C91BC942}") = "Bullet2FileLoader", "src\Bullet3Serialize\Bullet2FileLoader\Bullet2FileLoader.vcxproj", "{CD5D6CC7-DA95-3C85-BAC8-0D30668F9925}"
	ProjectSection(ProjectDependencies) = postProject
		{63DE2468-936B-33F3-B688-6B8428297226} = {63DE2468-936B-33F3-B688-6B8428297226}
	EndProjectSection
EndProject
Project("{8BC9CEB8-8B4A-11D0-8D11-00A0C91BC942}") = "Bullet3Collision", "src\Bullet3Collision\Bullet3Collision.vcxproj", "{8610FC02-CC1E-32EE-B17E-0EBA5C5EEFFF}"
	ProjectSection(ProjectDependencies) = postProject
		{63DE2468-936B-33F3-B688-6B8428297226} = {63DE2468-936B-33F3-B688-6B8428297226}
	EndProjectSection
EndProject
Project("{8BC9CEB8-8B4A-11D0-8D11-00A0C91BC942}") = "Bullet3Common", "src\Bullet3Common\Bullet3Common.vcxproj", "{DBD0A9C5-99E2-3354-AD1C-A429562A7025}"
	ProjectSection(ProjectDependencies) = postProject
		{63DE2468-936B-33F3-B688-6B8428297226} = {63DE2468-936B-33F3-B688-6B8428297226}
	EndProjectSection
EndProject
Project("{8BC9CEB8-8B4A-11D0-8D11-00A0C91BC942}") = "Bullet3Dynamics", "src\Bullet3Dynamics\Bullet3Dynamics.vcxproj", "{8DC45B16-3846-3C2F-B825-4D974ADDC2D1}"
	ProjectSection(ProjectDependencies) = postProject
		{63DE2468-936B-33F3-B688-6B8428297226} = {63DE2468-936B-33F3-B688-6B8428297226}
	EndProjectSection
EndProject
Project("{8BC9CEB8-8B4A-11D0-8D11-00A0C91BC942}") = "Bullet3Geometry", "src\Bullet3Geometry\Bullet3Geometry.vcxproj", "{2623C8BB-4F60-37F5-929B-1B28BD95D17C}"
	ProjectSection(ProjectDependencies) = postProject
		{63DE2468-936B-33F3-B688-6B8428297226} = {63DE2468-936B-33F3-B688-6B8428297226}
	EndProjectSection
EndProject
Project("{8BC9CEB8-8B4A-11D0-8D11-00A0C91BC942}") = "Bullet3OpenCL_clew", "src\Bullet3OpenCL\Bullet3OpenCL_clew.vcxproj", "{7F623A3C-C2E0-3A39-9168-6B2D2CE54670}"
	ProjectSection(ProjectDependencies) = postProject
		{63DE2468-936B-33F3-B688-6B8428297226} = {63DE2468-936B-33F3-B688-6B8428297226}
	EndProjectSection
EndProject
Project("{8BC9CEB8-8B4A-11D0-8D11-00A0C91BC942}") = "BulletCollision", "src\BulletCollision\BulletCollision.vcxproj", "{B6C605E9-ABF5-30A2-8744-D219897E6678}"
	ProjectSection(ProjectDependencies) = postProject
		{63DE2468-936B-33F3-B688-6B8428297226} = {63DE2468-936B-33F3-B688-6B8428297226}
	EndProjectSection
EndProject
Project("{8BC9CEB8-8B4A-11D0-8D11-00A0C91BC942}") = "BulletDynamics", "src\BulletDynamics\BulletDynamics.vcxproj", "{809D169A-9E2F-3B8C-93CC-B3729B558733}"
	ProjectSection(ProjectDependencies) = postProject
		{63DE2468-936B-33F3-B688-6B8428297226} = {63DE2468-936B-33F3-B688-6B8428297226}
	EndProjectSection
EndProject
Project("{8BC9CEB8-8B4A-11D0-8D11-00A0C91BC942}") = "BulletFileLoader", "Extras\Serialize\BulletFileLoader\BulletFileLoader.vcxproj", "{29A627D8-BFBF-3E39-9A2F-B500CAF74508}"
	ProjectSection(ProjectDependencies) = postProject
		{63DE2468-936B-33F3-B688-6B8428297226} = {63DE2468-936B-33F3-B688-6B8428297226}
	EndProjectSection
EndProject
Project("{8BC9CEB8-8B4A-11D0-8D11-00A0C91BC942}") = "BulletInverseDynamics", "src\BulletInverseDynamics\BulletInverseDynamics.vcxproj", "{97C655E9-073C-3CAD-9ABE-294D5BB3C211}"
	ProjectSection(ProjectDependencies) = postProject
		{63DE2468-936B-33F3-B688-6B8428297226} = {63DE2468-936B-33F3-B688-6B8428297226}
	EndProjectSection
EndProject
Project("{8BC9CEB8-8B4A-11D0-8D11-00A0C91BC942}") = "BulletInverseDynamicsUtils", "Extras\InverseDynamics\BulletInverseDynamicsUtils.vcxproj", "{18B14508-7BCF-319A-B7F9-ED06C31B59B9}"
	ProjectSection(ProjectDependencies) = postProject
		{63DE2468-936B-33F3-B688-6B8428297226} = {63DE2468-936B-33F3-B688-6B8428297226}
	EndProjectSection
EndProject
Project("{8BC9CEB8-8B4A-11D0-8D11-00A0C91BC942}") = "BulletRobotics", "Extras\BulletRobotics\BulletRobotics.vcxproj", "{06E5D884-CB23-352F-A497-3C1ADB9930C8}"
	ProjectSection(ProjectDependencies) = postProject
		{63DE2468-936B-33F3-B688-6B8428297226} = {63DE2468-936B-33F3-B688-6B8428297226}
	EndProjectSection
EndProject
Project("{8BC9CEB8-8B4A-11D0-8D11-00A0C91BC942}") = "BulletSoftBody", "src\BulletSoftBody\BulletSoftBody.vcxproj", "{F5A4660C-EF1B-38BB-AE64-2DF4E9009E02}"
	ProjectSection(ProjectDependencies) = postProject
		{63DE2468-936B-33F3-B688-6B8428297226} = {63DE2468-936B-33F3-B688-6B8428297226}
	EndProjectSection
EndProject
Project("{8BC9CEB8-8B4A-11D0-8D11-00A0C91BC942}") = "BulletWorldImporter", "Extras\Serialize\BulletWorldImporter\BulletWorldImporter.vcxproj", "{6F76AF7A-EEAE-34A8-ADB5-78B8E04ED493}"
	ProjectSection(ProjectDependencies) = postProject
		{63DE2468-936B-33F3-B688-6B8428297226} = {63DE2468-936B-33F3-B688-6B8428297226}
	EndProjectSection
EndProject
Project("{8BC9CEB8-8B4A-11D0-8D11-00A0C91BC942}") = "BulletXmlWorldImporter", "Extras\Serialize\BulletXmlWorldImporter\BulletXmlWorldImporter.vcxproj", "{1B889ACD-8DEA-3FA5-B245-D74506A30E99}"
	ProjectSection(ProjectDependencies) = postProject
		{63DE2468-936B-33F3-B688-6B8428297226} = {63DE2468-936B-33F3-B688-6B8428297226}
	EndProjectSection
EndProject
Project("{8BC9CEB8-8B4A-11D0-8D11-00A0C91BC942}") = "ConvexDecomposition", "Extras\ConvexDecomposition\ConvexDecomposition.vcxproj", "{69B23328-0033-338F-B98F-BAAEF472494E}"
	ProjectSection(ProjectDependencies) = postProject
		{63DE2468-936B-33F3-B688-6B8428297226} = {63DE2468-936B-33F3-B688-6B8428297226}
	EndProjectSection
EndProject
Project("{8BC9CEB8-8B4A-11D0-8D11-00A0C91BC942}") = "GIMPACTUtils", "Extras\GIMPACTUtils\GIMPACTUtils.vcxproj", "{B56493E4-9C50-35F0-A5A3-703E0CA9C72A}"
	ProjectSection(ProjectDependencies) = postProject
		{63DE2468-936B-33F3-B688-6B8428297226} = {63DE2468-936B-33F3-B688-6B8428297226}
	EndProjectSection
EndProject
Project("{8BC9CEB8-8B4A-11D0-8D11-00A0C91BC942}") = "HACD", "Extras\HACD\HACD.vcxproj", "{21B3B101-B9FF-3FB3-88CA-1828AFFC2C50}"
	ProjectSection(ProjectDependencies) = postProject
		{63DE2468-936B-33F3-B688-6B8428297226} = {63DE2468-936B-33F3-B688-6B8428297226}
	EndProjectSection
EndProject
Project("{8BC9CEB8-8B4A-11D0-8D11-00A0C91BC942}") = "INSTALL", "INSTALL.vcxproj", "{E27775C8-A3AE-3035-84DF-269422CAC4BE}"
	ProjectSection(ProjectDependencies) = postProject
		{224B57EC-DA89-36E2-AB9E-F0756CF2BF7D} = {224B57EC-DA89-36E2-AB9E-F0756CF2BF7D}
		{63DE2468-936B-33F3-B688-6B8428297226} = {63DE2468-936B-33F3-B688-6B8428297226}
	EndProjectSection
EndProject
Project("{8BC9CEB8-8B4A-11D0-8D11-00A0C91BC942}") = "LinearMath", "src\LinearMath\LinearMath.vcxproj", "{6AB9A687-0B10-3195-AB2E-C2093DFC8E39}"
	ProjectSection(ProjectDependencies) = postProject
		{63DE2468-936B-33F3-B688-6B8428297226} = {63DE2468-936B-33F3-B688-6B8428297226}
	EndProjectSection
EndProject
Project("{8BC9CEB8-8B4A-11D0-8D11-00A0C91BC942}") = "RUN_TESTS", "RUN_TESTS.vcxproj", "{5CFBFB49-F5F9-342A-9A7C-5654815D32DA}"
	ProjectSection(ProjectDependencies) = postProject
		{63DE2468-936B-33F3-B688-6B8428297226} = {63DE2468-936B-33F3-B688-6B8428297226}
	EndProjectSection
EndProject
Project("{8BC9CEB8-8B4A-11D0-8D11-00A0C91BC942}") = "Test_BulletDynamics", "test\BulletDynamics\pendulum\Test_BulletDynamics.vcxproj", "{86D3BD90-F29D-386A-B6C0-EEA777CAB846}"
	ProjectSection(ProjectDependencies) = postProject
		{B6C605E9-ABF5-30A2-8744-D219897E6678} = {B6C605E9-ABF5-30A2-8744-D219897E6678}
		{809D169A-9E2F-3B8C-93CC-B3729B558733} = {809D169A-9E2F-3B8C-93CC-B3729B558733}
		{6AB9A687-0B10-3195-AB2E-C2093DFC8E39} = {6AB9A687-0B10-3195-AB2E-C2093DFC8E39}
		{63DE2468-936B-33F3-B688-6B8428297226} = {63DE2468-936B-33F3-B688-6B8428297226}
		{D7182421-4AD3-3F31-BB16-E98840888F4B} = {D7182421-4AD3-3F31-BB16-E98840888F4B}
	EndProjectSection
EndProject
Project("{8BC9CEB8-8B4A-11D0-8D11-00A0C91BC942}") = "Test_BulletInverseDynamics", "test\InverseDynamics\Test_BulletInverseDynamics.vcxproj", "{44A0F275-E2F3-38AC-A8B0-6648871354A6}"
	ProjectSection(ProjectDependencies) = postProject
		{DBD0A9C5-99E2-3354-AD1C-A429562A7025} = {DBD0A9C5-99E2-3354-AD1C-A429562A7025}
		{B6C605E9-ABF5-30A2-8744-D219897E6678} = {B6C605E9-ABF5-30A2-8744-D219897E6678}
		{809D169A-9E2F-3B8C-93CC-B3729B558733} = {809D169A-9E2F-3B8C-93CC-B3729B558733}
		{97C655E9-073C-3CAD-9ABE-294D5BB3C211} = {97C655E9-073C-3CAD-9ABE-294D5BB3C211}
		{18B14508-7BCF-319A-B7F9-ED06C31B59B9} = {18B14508-7BCF-319A-B7F9-ED06C31B59B9}
		{6AB9A687-0B10-3195-AB2E-C2093DFC8E39} = {6AB9A687-0B10-3195-AB2E-C2093DFC8E39}
		{63DE2468-936B-33F3-B688-6B8428297226} = {63DE2468-936B-33F3-B688-6B8428297226}
		{D7182421-4AD3-3F31-BB16-E98840888F4B} = {D7182421-4AD3-3F31-BB16-E98840888F4B}
	EndProjectSection
EndProject
Project("{8BC9CEB8-8B4A-11D0-8D11-00A0C91BC942}") = "Test_BulletInverseDynamicsJacobian", "test\InverseDynamics\Test_BulletInverseDynamicsJacobian.vcxproj", "{EABD7760-917F-35AD-B732-73A8D62B1055}"
	ProjectSection(ProjectDependencies) = postProject
		{DBD0A9C5-99E2-3354-AD1C-A429562A7025} = {DBD0A9C5-99E2-3354-AD1C-A429562A7025}
		{97C655E9-073C-3CAD-9ABE-294D5BB3C211} = {97C655E9-073C-3CAD-9ABE-294D5BB3C211}
		{18B14508-7BCF-319A-B7F9-ED06C31B59B9} = {18B14508-7BCF-319A-B7F9-ED06C31B59B9}
		{6AB9A687-0B10-3195-AB2E-C2093DFC8E39} = {6AB9A687-0B10-3195-AB2E-C2093DFC8E39}
		{63DE2468-936B-33F3-B688-6B8428297226} = {63DE2468-936B-33F3-B688-6B8428297226}
		{D7182421-4AD3-3F31-BB16-E98840888F4B} = {D7182421-4AD3-3F31-BB16-E98840888F4B}
	EndProjectSection
EndProject
Project("{8BC9CEB8-8B4A-11D0-8D11-00A0C91BC942}") = "Test_BulletInverseForwardDynamics", "test\InverseDynamics\Test_BulletInverseForwardDynamics.vcxproj", "{18AD44B2-14B7-33B1-8B03-199FDA550358}"
	ProjectSection(ProjectDependencies) = postProject
		{DBD0A9C5-99E2-3354-AD1C-A429562A7025} = {DBD0A9C5-99E2-3354-AD1C-A429562A7025}
		{B6C605E9-ABF5-30A2-8744-D219897E6678} = {B6C605E9-ABF5-30A2-8744-D219897E6678}
		{809D169A-9E2F-3B8C-93CC-B3729B558733} = {809D169A-9E2F-3B8C-93CC-B3729B558733}
		{97C655E9-073C-3CAD-9ABE-294D5BB3C211} = {97C655E9-073C-3CAD-9ABE-294D5BB3C211}
		{18B14508-7BCF-319A-B7F9-ED06C31B59B9} = {18B14508-7BCF-319A-B7F9-ED06C31B59B9}
		{6AB9A687-0B10-3195-AB2E-C2093DFC8E39} = {6AB9A687-0B10-3195-AB2E-C2093DFC8E39}
		{63DE2468-936B-33F3-B688-6B8428297226} = {63DE2468-936B-33F3-B688-6B8428297226}
		{D7182421-4AD3-3F31-BB16-E98840888F4B} = {D7182421-4AD3-3F31-BB16-E98840888F4B}
	EndProjectSection
EndProject
Project("{8BC9CEB8-8B4A-11D0-8D11-00A0C91BC942}") = "Test_Collision", "test\collision\Test_Collision.vcxproj", "{EF7CC2F6-765A-3940-8F98-04DC80DF931A}"
	ProjectSection(ProjectDependencies) = postProject
		{6AB9A687-0B10-3195-AB2E-C2093DFC8E39} = {6AB9A687-0B10-3195-AB2E-C2093DFC8E39}
		{63DE2468-936B-33F3-B688-6B8428297226} = {63DE2468-936B-33F3-B688-6B8428297226}
		{D7182421-4AD3-3F31-BB16-E98840888F4B} = {D7182421-4AD3-3F31-BB16-E98840888F4B}
	EndProjectSection
EndProject
Project("{8BC9CEB8-8B4A-11D0-8D11-00A0C91BC942}") = "Test_PhysicsClientServer", "test\SharedMemory\Test_PhysicsClientServer.vcxproj", "{0D084F0B-FE29-30CD-B52A-FB1FB6CDCBE7}"
	ProjectSection(ProjectDependencies) = postProject
		{DBD0A9C5-99E2-3354-AD1C-A429562A7025} = {DBD0A9C5-99E2-3354-AD1C-A429562A7025}
		{B6C605E9-ABF5-30A2-8744-D219897E6678} = {B6C605E9-ABF5-30A2-8744-D219897E6678}
		{809D169A-9E2F-3B8C-93CC-B3729B558733} = {809D169A-9E2F-3B8C-93CC-B3729B558733}
		{29A627D8-BFBF-3E39-9A2F-B500CAF74508} = {29A627D8-BFBF-3E39-9A2F-B500CAF74508}
		{97C655E9-073C-3CAD-9ABE-294D5BB3C211} = {97C655E9-073C-3CAD-9ABE-294D5BB3C211}
		{18B14508-7BCF-319A-B7F9-ED06C31B59B9} = {18B14508-7BCF-319A-B7F9-ED06C31B59B9}
		{6F76AF7A-EEAE-34A8-ADB5-78B8E04ED493} = {6F76AF7A-EEAE-34A8-ADB5-78B8E04ED493}
		{6AB9A687-0B10-3195-AB2E-C2093DFC8E39} = {6AB9A687-0B10-3195-AB2E-C2093DFC8E39}
		{63DE2468-936B-33F3-B688-6B8428297226} = {63DE2468-936B-33F3-B688-6B8428297226}
		{D7182421-4AD3-3F31-BB16-E98840888F4B} = {D7182421-4AD3-3F31-BB16-E98840888F4B}
	EndProjectSection
EndProject
Project("{8BC9CEB8-8B4A-11D0-8D11-00A0C91BC942}") = "Test_btKinematicCharacterController", "test\BulletDynamics\Test_btKinematicCharacterController.vcxproj", "{602F75A2-237A-301E-BB51-3CEF670C2453}"
	ProjectSection(ProjectDependencies) = postProject
		{B6C605E9-ABF5-30A2-8744-D219897E6678} = {B6C605E9-ABF5-30A2-8744-D219897E6678}
		{809D169A-9E2F-3B8C-93CC-B3729B558733} = {809D169A-9E2F-3B8C-93CC-B3729B558733}
		{6AB9A687-0B10-3195-AB2E-C2093DFC8E39} = {6AB9A687-0B10-3195-AB2E-C2093DFC8E39}
		{63DE2468-936B-33F3-B688-6B8428297226} = {63DE2468-936B-33F3-B688-6B8428297226}
		{D7182421-4AD3-3F31-BB16-E98840888F4B} = {D7182421-4AD3-3F31-BB16-E98840888F4B}
	EndProjectSection
EndProject
Project("{8BC9CEB8-8B4A-11D0-8D11-00A0C91BC942}") = "ZERO_CHECK", "ZERO_CHECK.vcxproj", "{63DE2468-936B-33F3-B688-6B8428297226}"
	ProjectSection(ProjectDependencies) = postProject
	EndProjectSection
EndProject
Project("{8BC9CEB8-8B4A-11D0-8D11-00A0C91BC942}") = "gtest", "test\gtest-1.7.0\gtest.vcxproj", "{D7182421-4AD3-3F31-BB16-E98840888F4B}"
	ProjectSection(ProjectDependencies) = postProject
		{63DE2468-936B-33F3-B688-6B8428297226} = {63DE2468-936B-33F3-B688-6B8428297226}
	EndProjectSection
EndProject
Global
	GlobalSection(SolutionConfigurationPlatforms) = preSolution
		Debug|Win32 = Debug|Win32
		Release|Win32 = Release|Win32
		MinSizeRel|Win32 = MinSizeRel|Win32
		RelWithDebInfo|Win32 = RelWithDebInfo|Win32
	EndGlobalSection
	GlobalSection(ProjectConfigurationPlatforms) = postSolution
		{224B57EC-DA89-36E2-AB9E-F0756CF2BF7D}.Debug|Win32.ActiveCfg = Debug|Win32
		{224B57EC-DA89-36E2-AB9E-F0756CF2BF7D}.Debug|Win32.Build.0 = Debug|Win32
		{224B57EC-DA89-36E2-AB9E-F0756CF2BF7D}.Release|Win32.ActiveCfg = Release|Win32
		{224B57EC-DA89-36E2-AB9E-F0756CF2BF7D}.Release|Win32.Build.0 = Release|Win32
		{224B57EC-DA89-36E2-AB9E-F0756CF2BF7D}.MinSizeRel|Win32.ActiveCfg = MinSizeRel|Win32
		{224B57EC-DA89-36E2-AB9E-F0756CF2BF7D}.MinSizeRel|Win32.Build.0 = MinSizeRel|Win32
		{224B57EC-DA89-36E2-AB9E-F0756CF2BF7D}.RelWithDebInfo|Win32.ActiveCfg = RelWithDebInfo|Win32
		{224B57EC-DA89-36E2-AB9E-F0756CF2BF7D}.RelWithDebInfo|Win32.Build.0 = RelWithDebInfo|Win32
		{44ACC400-D12E-364B-AB2F-2887A4FE7A82}.Debug|Win32.ActiveCfg = Debug|Win32
		{44ACC400-D12E-364B-AB2F-2887A4FE7A82}.Debug|Win32.Build.0 = Debug|Win32
		{44ACC400-D12E-364B-AB2F-2887A4FE7A82}.Release|Win32.ActiveCfg = Release|Win32
		{44ACC400-D12E-364B-AB2F-2887A4FE7A82}.Release|Win32.Build.0 = Release|Win32
		{44ACC400-D12E-364B-AB2F-2887A4FE7A82}.MinSizeRel|Win32.ActiveCfg = MinSizeRel|Win32
		{44ACC400-D12E-364B-AB2F-2887A4FE7A82}.MinSizeRel|Win32.Build.0 = MinSizeRel|Win32
		{44ACC400-D12E-364B-AB2F-2887A4FE7A82}.RelWithDebInfo|Win32.ActiveCfg = RelWithDebInfo|Win32
		{44ACC400-D12E-364B-AB2F-2887A4FE7A82}.RelWithDebInfo|Win32.Build.0 = RelWithDebInfo|Win32
		{CD5D6CC7-DA95-3C85-BAC8-0D30668F9925}.Debug|Win32.ActiveCfg = Debug|Win32
		{CD5D6CC7-DA95-3C85-BAC8-0D30668F9925}.Debug|Win32.Build.0 = Debug|Win32
		{CD5D6CC7-DA95-3C85-BAC8-0D30668F9925}.Release|Win32.ActiveCfg = Release|Win32
		{CD5D6CC7-DA95-3C85-BAC8-0D30668F9925}.Release|Win32.Build.0 = Release|Win32
		{CD5D6CC7-DA95-3C85-BAC8-0D30668F9925}.MinSizeRel|Win32.ActiveCfg = MinSizeRel|Win32
		{CD5D6CC7-DA95-3C85-BAC8-0D30668F9925}.MinSizeRel|Win32.Build.0 = MinSizeRel|Win32
		{CD5D6CC7-DA95-3C85-BAC8-0D30668F9925}.RelWithDebInfo|Win32.ActiveCfg = RelWithDebInfo|Win32
		{CD5D6CC7-DA95-3C85-BAC8-0D30668F9925}.RelWithDebInfo|Win32.Build.0 = RelWithDebInfo|Win32
		{8610FC02-CC1E-32EE-B17E-0EBA5C5EEFFF}.Debug|Win32.ActiveCfg = Debug|Win32
		{8610FC02-CC1E-32EE-B17E-0EBA5C5EEFFF}.Debug|Win32.Build.0 = Debug|Win32
		{8610FC02-CC1E-32EE-B17E-0EBA5C5EEFFF}.Release|Win32.ActiveCfg = Release|Win32
		{8610FC02-CC1E-32EE-B17E-0EBA5C5EEFFF}.Release|Win32.Build.0 = Release|Win32
		{8610FC02-CC1E-32EE-B17E-0EBA5C5EEFFF}.MinSizeRel|Win32.ActiveCfg = MinSizeRel|Win32
		{8610FC02-CC1E-32EE-B17E-0EBA5C5EEFFF}.MinSizeRel|Win32.Build.0 = MinSizeRel|Win32
		{8610FC02-CC1E-32EE-B17E-0EBA5C5EEFFF}.RelWithDebInfo|Win32.ActiveCfg = RelWithDebInfo|Win32
		{8610FC02-CC1E-32EE-B17E-0EBA5C5EEFFF}.RelWithDebInfo|Win32.Build.0 = RelWithDebInfo|Win32
		{DBD0A9C5-99E2-3354-AD1C-A429562A7025}.Debug|Win32.ActiveCfg = Debug|Win32
		{DBD0A9C5-99E2-3354-AD1C-A429562A7025}.Debug|Win32.Build.0 = Debug|Win32
		{DBD0A9C5-99E2-3354-AD1C-A429562A7025}.Release|Win32.ActiveCfg = Release|Win32
		{DBD0A9C5-99E2-3354-AD1C-A429562A7025}.Release|Win32.Build.0 = Release|Win32
		{DBD0A9C5-99E2-3354-AD1C-A429562A7025}.MinSizeRel|Win32.ActiveCfg = MinSizeRel|Win32
		{DBD0A9C5-99E2-3354-AD1C-A429562A7025}.MinSizeRel|Win32.Build.0 = MinSizeRel|Win32
		{DBD0A9C5-99E2-3354-AD1C-A429562A7025}.RelWithDebInfo|Win32.ActiveCfg = RelWithDebInfo|Win32
		{DBD0A9C5-99E2-3354-AD1C-A429562A7025}.RelWithDebInfo|Win32.Build.0 = RelWithDebInfo|Win32
		{8DC45B16-3846-3C2F-B825-4D974ADDC2D1}.Debug|Win32.ActiveCfg = Debug|Win32
		{8DC45B16-3846-3C2F-B825-4D974ADDC2D1}.Debug|Win32.Build.0 = Debug|Win32
		{8DC45B16-3846-3C2F-B825-4D974ADDC2D1}.Release|Win32.ActiveCfg = Release|Win32
		{8DC45B16-3846-3C2F-B825-4D974ADDC2D1}.Release|Win32.Build.0 = Release|Win32
		{8DC45B16-3846-3C2F-B825-4D974ADDC2D1}.MinSizeRel|Win32.ActiveCfg = MinSizeRel|Win32
		{8DC45B16-3846-3C2F-B825-4D974ADDC2D1}.MinSizeRel|Win32.Build.0 = MinSizeRel|Win32
		{8DC45B16-3846-3C2F-B825-4D974ADDC2D1}.RelWithDebInfo|Win32.ActiveCfg = RelWithDebInfo|Win32
		{8DC45B16-3846-3C2F-B825-4D974ADDC2D1}.RelWithDebInfo|Win32.Build.0 = RelWithDebInfo|Win32
		{2623C8BB-4F60-37F5-929B-1B28BD95D17C}.Debug|Win32.ActiveCfg = Debug|Win32
		{2623C8BB-4F60-37F5-929B-1B28BD95D17C}.Debug|Win32.Build.0 = Debug|Win32
		{2623C8BB-4F60-37F5-929B-1B28BD95D17C}.Release|Win32.ActiveCfg = Release|Win32
		{2623C8BB-4F60-37F5-929B-1B28BD95D17C}.Release|Win32.Build.0 = Release|Win32
		{2623C8BB-4F60-37F5-929B-1B28BD95D17C}.MinSizeRel|Win32.ActiveCfg = MinSizeRel|Win32
		{2623C8BB-4F60-37F5-929B-1B28BD95D17C}.MinSizeRel|Win32.Build.0 = MinSizeRel|Win32
		{2623C8BB-4F60-37F5-929B-1B28BD95D17C}.RelWithDebInfo|Win32.ActiveCfg = RelWithDebInfo|Win32
		{2623C8BB-4F60-37F5-929B-1B28BD95D17C}.RelWithDebInfo|Win32.Build.0 = RelWithDebInfo|Win32
		{7F623A3C-C2E0-3A39-9168-6B2D2CE54670}.Debug|Win32.ActiveCfg = Debug|Win32
		{7F623A3C-C2E0-3A39-9168-6B2D2CE54670}.Debug|Win32.Build.0 = Debug|Win32
		{7F623A3C-C2E0-3A39-9168-6B2D2CE54670}.Release|Win32.ActiveCfg = Release|Win32
		{7F623A3C-C2E0-3A39-9168-6B2D2CE54670}.Release|Win32.Build.0 = Release|Win32
		{7F623A3C-C2E0-3A39-9168-6B2D2CE54670}.MinSizeRel|Win32.ActiveCfg = MinSizeRel|Win32
		{7F623A3C-C2E0-3A39-9168-6B2D2CE54670}.MinSizeRel|Win32.Build.0 = MinSizeRel|Win32
		{7F623A3C-C2E0-3A39-9168-6B2D2CE54670}.RelWithDebInfo|Win32.ActiveCfg = RelWithDebInfo|Win32
		{7F623A3C-C2E0-3A39-9168-6B2D2CE54670}.RelWithDebInfo|Win32.Build.0 = RelWithDebInfo|Win32
		{B6C605E9-ABF5-30A2-8744-D219897E6678}.Debug|Win32.ActiveCfg = Debug|Win32
		{B6C605E9-ABF5-30A2-8744-D219897E6678}.Debug|Win32.Build.0 = Debug|Win32
		{B6C605E9-ABF5-30A2-8744-D219897E6678}.Release|Win32.ActiveCfg = Release|Win32
		{B6C605E9-ABF5-30A2-8744-D219897E6678}.Release|Win32.Build.0 = Release|Win32
		{B6C605E9-ABF5-30A2-8744-D219897E6678}.MinSizeRel|Win32.ActiveCfg = MinSizeRel|Win32
		{B6C605E9-ABF5-30A2-8744-D219897E6678}.MinSizeRel|Win32.Build.0 = MinSizeRel|Win32
		{B6C605E9-ABF5-30A2-8744-D219897E6678}.RelWithDebInfo|Win32.ActiveCfg = RelWithDebInfo|Win32
		{B6C605E9-ABF5-30A2-8744-D219897E6678}.RelWithDebInfo|Win32.Build.0 = RelWithDebInfo|Win32
		{809D169A-9E2F-3B8C-93CC-B3729B558733}.Debug|Win32.ActiveCfg = Debug|Win32
		{809D169A-9E2F-3B8C-93CC-B3729B558733}.Debug|Win32.Build.0 = Debug|Win32
		{809D169A-9E2F-3B8C-93CC-B3729B558733}.Release|Win32.ActiveCfg = Release|Win32
		{809D169A-9E2F-3B8C-93CC-B3729B558733}.Release|Win32.Build.0 = Release|Win32
		{809D169A-9E2F-3B8C-93CC-B3729B558733}.MinSizeRel|Win32.ActiveCfg = MinSizeRel|Win32
		{809D169A-9E2F-3B8C-93CC-B3729B558733}.MinSizeRel|Win32.Build.0 = MinSizeRel|Win32
		{809D169A-9E2F-3B8C-93CC-B3729B558733}.RelWithDebInfo|Win32.ActiveCfg = RelWithDebInfo|Win32
		{809D169A-9E2F-3B8C-93CC-B3729B558733}.RelWithDebInfo|Win32.Build.0 = RelWithDebInfo|Win32
		{29A627D8-BFBF-3E39-9A2F-B500CAF74508}.Debug|Win32.ActiveCfg = Debug|Win32
		{29A627D8-BFBF-3E39-9A2F-B500CAF74508}.Debug|Win32.Build.0 = Debug|Win32
		{29A627D8-BFBF-3E39-9A2F-B500CAF74508}.Release|Win32.ActiveCfg = Release|Win32
		{29A627D8-BFBF-3E39-9A2F-B500CAF74508}.Release|Win32.Build.0 = Release|Win32
		{29A627D8-BFBF-3E39-9A2F-B500CAF74508}.MinSizeRel|Win32.ActiveCfg = MinSizeRel|Win32
		{29A627D8-BFBF-3E39-9A2F-B500CAF74508}.MinSizeRel|Win32.Build.0 = MinSizeRel|Win32
		{29A627D8-BFBF-3E39-9A2F-B500CAF74508}.RelWithDebInfo|Win32.ActiveCfg = RelWithDebInfo|Win32
		{29A627D8-BFBF-3E39-9A2F-B500CAF74508}.RelWithDebInfo|Win32.Build.0 = RelWithDebInfo|Win32
		{97C655E9-073C-3CAD-9ABE-294D5BB3C211}.Debug|Win32.ActiveCfg = Debug|Win32
		{97C655E9-073C-3CAD-9ABE-294D5BB3C211}.Debug|Win32.Build.0 = Debug|Win32
		{97C655E9-073C-3CAD-9ABE-294D5BB3C211}.Release|Win32.ActiveCfg = Release|Win32
		{97C655E9-073C-3CAD-9ABE-294D5BB3C211}.Release|Win32.Build.0 = Release|Win32
		{97C655E9-073C-3CAD-9ABE-294D5BB3C211}.MinSizeRel|Win32.ActiveCfg = MinSizeRel|Win32
		{97C655E9-073C-3CAD-9ABE-294D5BB3C211}.MinSizeRel|Win32.Build.0 = MinSizeRel|Win32
		{97C655E9-073C-3CAD-9ABE-294D5BB3C211}.RelWithDebInfo|Win32.ActiveCfg = RelWithDebInfo|Win32
		{97C655E9-073C-3CAD-9ABE-294D5BB3C211}.RelWithDebInfo|Win32.Build.0 = RelWithDebInfo|Win32
		{18B14508-7BCF-319A-B7F9-ED06C31B59B9}.Debug|Win32.ActiveCfg = Debug|Win32
		{18B14508-7BCF-319A-B7F9-ED06C31B59B9}.Debug|Win32.Build.0 = Debug|Win32
		{18B14508-7BCF-319A-B7F9-ED06C31B59B9}.Release|Win32.ActiveCfg = Release|Win32
		{18B14508-7BCF-319A-B7F9-ED06C31B59B9}.Release|Win32.Build.0 = Release|Win32
		{18B14508-7BCF-319A-B7F9-ED06C31B59B9}.MinSizeRel|Win32.ActiveCfg = MinSizeRel|Win32
		{18B14508-7BCF-319A-B7F9-ED06C31B59B9}.MinSizeRel|Win32.Build.0 = MinSizeRel|Win32
		{18B14508-7BCF-319A-B7F9-ED06C31B59B9}.RelWithDebInfo|Win32.ActiveCfg = RelWithDebInfo|Win32
		{18B14508-7BCF-319A-B7F9-ED06C31B59B9}.RelWithDebInfo|Win32.Build.0 = RelWithDebInfo|Win32
		{06E5D884-CB23-352F-A497-3C1ADB9930C8}.Debug|Win32.ActiveCfg = Debug|Win32
		{06E5D884-CB23-352F-A497-3C1ADB9930C8}.Debug|Win32.Build.0 = Debug|Win32
		{06E5D884-CB23-352F-A497-3C1ADB9930C8}.Release|Win32.ActiveCfg = Release|Win32
		{06E5D884-CB23-352F-A497-3C1ADB9930C8}.Release|Win32.Build.0 = Release|Win32
		{06E5D884-CB23-352F-A497-3C1ADB9930C8}.MinSizeRel|Win32.ActiveCfg = MinSizeRel|Win32
		{06E5D884-CB23-352F-A497-3C1ADB9930C8}.MinSizeRel|Win32.Build.0 = MinSizeRel|Win32
		{06E5D884-CB23-352F-A497-3C1ADB9930C8}.RelWithDebInfo|Win32.ActiveCfg = RelWithDebInfo|Win32
		{06E5D884-CB23-352F-A497-3C1ADB9930C8}.RelWithDebInfo|Win32.Build.0 = RelWithDebInfo|Win32
		{F5A4660C-EF1B-38BB-AE64-2DF4E9009E02}.Debug|Win32.ActiveCfg = Debug|Win32
		{F5A4660C-EF1B-38BB-AE64-2DF4E9009E02}.Debug|Win32.Build.0 = Debug|Win32
		{F5A4660C-EF1B-38BB-AE64-2DF4E9009E02}.Release|Win32.ActiveCfg = Release|Win32
		{F5A4660C-EF1B-38BB-AE64-2DF4E9009E02}.Release|Win32.Build.0 = Release|Win32
		{F5A4660C-EF1B-38BB-AE64-2DF4E9009E02}.MinSizeRel|Win32.ActiveCfg = MinSizeRel|Win32
		{F5A4660C-EF1B-38BB-AE64-2DF4E9009E02}.MinSizeRel|Win32.Build.0 = MinSizeRel|Win32
		{F5A4660C-EF1B-38BB-AE64-2DF4E9009E02}.RelWithDebInfo|Win32.ActiveCfg = RelWithDebInfo|Win32
		{F5A4660C-EF1B-38BB-AE64-2DF4E9009E02}.RelWithDebInfo|Win32.Build.0 = RelWithDebInfo|Win32
		{6F76AF7A-EEAE-34A8-ADB5-78B8E04ED493}.Debug|Win32.ActiveCfg = Debug|Win32
		{6F76AF7A-EEAE-34A8-ADB5-78B8E04ED493}.Debug|Win32.Build.0 = Debug|Win32
		{6F76AF7A-EEAE-34A8-ADB5-78B8E04ED493}.Release|Win32.ActiveCfg = Release|Win32
		{6F76AF7A-EEAE-34A8-ADB5-78B8E04ED493}.Release|Win32.Build.0 = Release|Win32
		{6F76AF7A-EEAE-34A8-ADB5-78B8E04ED493}.MinSizeRel|Win32.ActiveCfg = MinSizeRel|Win32
		{6F76AF7A-EEAE-34A8-ADB5-78B8E04ED493}.MinSizeRel|Win32.Build.0 = MinSizeRel|Win32
		{6F76AF7A-EEAE-34A8-ADB5-78B8E04ED493}.RelWithDebInfo|Win32.ActiveCfg = RelWithDebInfo|Win32
		{6F76AF7A-EEAE-34A8-ADB5-78B8E04ED493}.RelWithDebInfo|Win32.Build.0 = RelWithDebInfo|Win32
		{1B889ACD-8DEA-3FA5-B245-D74506A30E99}.Debug|Win32.ActiveCfg = Debug|Win32
		{1B889ACD-8DEA-3FA5-B245-D74506A30E99}.Debug|Win32.Build.0 = Debug|Win32
		{1B889ACD-8DEA-3FA5-B245-D74506A30E99}.Release|Win32.ActiveCfg = Release|Win32
		{1B889ACD-8DEA-3FA5-B245-D74506A30E99}.Release|Win32.Build.0 = Release|Win32
		{1B889ACD-8DEA-3FA5-B245-D74506A30E99}.MinSizeRel|Win32.ActiveCfg = MinSizeRel|Win32
		{1B889ACD-8DEA-3FA5-B245-D74506A30E99}.MinSizeRel|Win32.Build.0 = MinSizeRel|Win32
		{1B889ACD-8DEA-3FA5-B245-D74506A30E99}.RelWithDebInfo|Win32.ActiveCfg = RelWithDebInfo|Win32
		{1B889ACD-8DEA-3FA5-B245-D74506A30E99}.RelWithDebInfo|Win32.Build.0 = RelWithDebInfo|Win32
		{69B23328-0033-338F-B98F-BAAEF472494E}.Debug|Win32.ActiveCfg = Debug|Win32
		{69B23328-0033-338F-B98F-BAAEF472494E}.Debug|Win32.Build.0 = Debug|Win32
		{69B23328-0033-338F-B98F-BAAEF472494E}.Release|Win32.ActiveCfg = Release|Win32
		{69B23328-0033-338F-B98F-BAAEF472494E}.Release|Win32.Build.0 = Release|Win32
		{69B23328-0033-338F-B98F-BAAEF472494E}.MinSizeRel|Win32.ActiveCfg = MinSizeRel|Win32
		{69B23328-0033-338F-B98F-BAAEF472494E}.MinSizeRel|Win32.Build.0 = MinSizeRel|Win32
		{69B23328-0033-338F-B98F-BAAEF472494E}.RelWithDebInfo|Win32.ActiveCfg = RelWithDebInfo|Win32
		{69B23328-0033-338F-B98F-BAAEF472494E}.RelWithDebInfo|Win32.Build.0 = RelWithDebInfo|Win32
		{B56493E4-9C50-35F0-A5A3-703E0CA9C72A}.Debug|Win32.ActiveCfg = Debug|Win32
		{B56493E4-9C50-35F0-A5A3-703E0CA9C72A}.Debug|Win32.Build.0 = Debug|Win32
		{B56493E4-9C50-35F0-A5A3-703E0CA9C72A}.Release|Win32.ActiveCfg = Release|Win32
		{B56493E4-9C50-35F0-A5A3-703E0CA9C72A}.Release|Win32.Build.0 = Release|Win32
		{B56493E4-9C50-35F0-A5A3-703E0CA9C72A}.MinSizeRel|Win32.ActiveCfg = MinSizeRel|Win32
		{B56493E4-9C50-35F0-A5A3-703E0CA9C72A}.MinSizeRel|Win32.Build.0 = MinSizeRel|Win32
		{B56493E4-9C50-35F0-A5A3-703E0CA9C72A}.RelWithDebInfo|Win32.ActiveCfg = RelWithDebInfo|Win32
		{B56493E4-9C50-35F0-A5A3-703E0CA9C72A}.RelWithDebInfo|Win32.Build.0 = RelWithDebInfo|Win32
		{21B3B101-B9FF-3FB3-88CA-1828AFFC2C50}.Debug|Win32.ActiveCfg = Debug|Win32
		{21B3B101-B9FF-3FB3-88CA-1828AFFC2C50}.Debug|Win32.Build.0 = Debug|Win32
		{21B3B101-B9FF-3FB3-88CA-1828AFFC2C50}.Release|Win32.ActiveCfg = Release|Win32
		{21B3B101-B9FF-3FB3-88CA-1828AFFC2C50}.Release|Win32.Build.0 = Release|Win32
		{21B3B101-B9FF-3FB3-88CA-1828AFFC2C50}.MinSizeRel|Win32.ActiveCfg = MinSizeRel|Win32
		{21B3B101-B9FF-3FB3-88CA-1828AFFC2C50}.MinSizeRel|Win32.Build.0 = MinSizeRel|Win32
		{21B3B101-B9FF-3FB3-88CA-1828AFFC2C50}.RelWithDebInfo|Win32.ActiveCfg = RelWithDebInfo|Win32
		{21B3B101-B9FF-3FB3-88CA-1828AFFC2C50}.RelWithDebInfo|Win32.Build.0 = RelWithDebInfo|Win32
		{E27775C8-A3AE-3035-84DF-269422CAC4BE}.Debug|Win32.ActiveCfg = Debug|Win32
		{E27775C8-A3AE-3035-84DF-269422CAC4BE}.Release|Win32.ActiveCfg = Release|Win32
		{E27775C8-A3AE-3035-84DF-269422CAC4BE}.MinSizeRel|Win32.ActiveCfg = MinSizeRel|Win32
		{E27775C8-A3AE-3035-84DF-269422CAC4BE}.RelWithDebInfo|Win32.ActiveCfg = RelWithDebInfo|Win32
		{6AB9A687-0B10-3195-AB2E-C2093DFC8E39}.Debug|Win32.ActiveCfg = Debug|Win32
		{6AB9A687-0B10-3195-AB2E-C2093DFC8E39}.Debug|Win32.Build.0 = Debug|Win32
		{6AB9A687-0B10-3195-AB2E-C2093DFC8E39}.Release|Win32.ActiveCfg = Release|Win32
		{6AB9A687-0B10-3195-AB2E-C2093DFC8E39}.Release|Win32.Build.0 = Release|Win32
		{6AB9A687-0B10-3195-AB2E-C2093DFC8E39}.MinSizeRel|Win32.ActiveCfg = MinSizeRel|Win32
		{6AB9A687-0B10-3195-AB2E-C2093DFC8E39}.MinSizeRel|Win32.Build.0 = MinSizeRel|Win32
		{6AB9A687-0B10-3195-AB2E-C2093DFC8E39}.RelWithDebInfo|Win32.ActiveCfg = RelWithDebInfo|Win32
		{6AB9A687-0B10-3195-AB2E-C2093DFC8E39}.RelWithDebInfo|Win32.Build.0 = RelWithDebInfo|Win32
		{5CFBFB49-F5F9-342A-9A7C-5654815D32DA}.Debug|Win32.ActiveCfg = Debug|Win32
		{5CFBFB49-F5F9-342A-9A7C-5654815D32DA}.Release|Win32.ActiveCfg = Release|Win32
		{5CFBFB49-F5F9-342A-9A7C-5654815D32DA}.MinSizeRel|Win32.ActiveCfg = MinSizeRel|Win32
		{5CFBFB49-F5F9-342A-9A7C-5654815D32DA}.RelWithDebInfo|Win32.ActiveCfg = RelWithDebInfo|Win32
		{86D3BD90-F29D-386A-B6C0-EEA777CAB846}.Debug|Win32.ActiveCfg = Debug|Win32
		{86D3BD90-F29D-386A-B6C0-EEA777CAB846}.Debug|Win32.Build.0 = Debug|Win32
		{86D3BD90-F29D-386A-B6C0-EEA777CAB846}.Release|Win32.ActiveCfg = Release|Win32
		{86D3BD90-F29D-386A-B6C0-EEA777CAB846}.Release|Win32.Build.0 = Release|Win32
		{86D3BD90-F29D-386A-B6C0-EEA777CAB846}.MinSizeRel|Win32.ActiveCfg = MinSizeRel|Win32
		{86D3BD90-F29D-386A-B6C0-EEA777CAB846}.MinSizeRel|Win32.Build.0 = MinSizeRel|Win32
		{86D3BD90-F29D-386A-B6C0-EEA777CAB846}.RelWithDebInfo|Win32.ActiveCfg = RelWithDebInfo|Win32
		{86D3BD90-F29D-386A-B6C0-EEA777CAB846}.RelWithDebInfo|Win32.Build.0 = RelWithDebInfo|Win32
		{44A0F275-E2F3-38AC-A8B0-6648871354A6}.Debug|Win32.ActiveCfg = Debug|Win32
		{44A0F275-E2F3-38AC-A8B0-6648871354A6}.Debug|Win32.Build.0 = Debug|Win32
		{44A0F275-E2F3-38AC-A8B0-6648871354A6}.Release|Win32.ActiveCfg = Release|Win32
		{44A0F275-E2F3-38AC-A8B0-6648871354A6}.Release|Win32.Build.0 = Release|Win32
		{44A0F275-E2F3-38AC-A8B0-6648871354A6}.MinSizeRel|Win32.ActiveCfg = MinSizeRel|Win32
		{44A0F275-E2F3-38AC-A8B0-6648871354A6}.MinSizeRel|Win32.Build.0 = MinSizeRel|Win32
		{44A0F275-E2F3-38AC-A8B0-6648871354A6}.RelWithDebInfo|Win32.ActiveCfg = RelWithDebInfo|Win32
		{44A0F275-E2F3-38AC-A8B0-6648871354A6}.RelWithDebInfo|Win32.Build.0 = RelWithDebInfo|Win32
		{EABD7760-917F-35AD-B732-73A8D62B1055}.Debug|Win32.ActiveCfg = Debug|Win32
		{EABD7760-917F-35AD-B732-73A8D62B1055}.Debug|Win32.Build.0 = Debug|Win32
		{EABD7760-917F-35AD-B732-73A8D62B1055}.Release|Win32.ActiveCfg = Release|Win32
		{EABD7760-917F-35AD-B732-73A8D62B1055}.Release|Win32.Build.0 = Release|Win32
		{EABD7760-917F-35AD-B732-73A8D62B1055}.MinSizeRel|Win32.ActiveCfg = MinSizeRel|Win32
		{EABD7760-917F-35AD-B732-73A8D62B1055}.MinSizeRel|Win32.Build.0 = MinSizeRel|Win32
		{EABD7760-917F-35AD-B732-73A8D62B1055}.RelWithDebInfo|Win32.ActiveCfg = RelWithDebInfo|Win32
		{EABD7760-917F-35AD-B732-73A8D62B1055}.RelWithDebInfo|Win32.Build.0 = RelWithDebInfo|Win32
		{18AD44B2-14B7-33B1-8B03-199FDA550358}.Debug|Win32.ActiveCfg = Debug|Win32
		{18AD44B2-14B7-33B1-8B03-199FDA550358}.Debug|Win32.Build.0 = Debug|Win32
		{18AD44B2-14B7-33B1-8B03-199FDA550358}.Release|Win32.ActiveCfg = Release|Win32
		{18AD44B2-14B7-33B1-8B03-199FDA550358}.Release|Win32.Build.0 = Release|Win32
		{18AD44B2-14B7-33B1-8B03-199FDA550358}.MinSizeRel|Win32.ActiveCfg = MinSizeRel|Win32
		{18AD44B2-14B7-33B1-8B03-199FDA550358}.MinSizeRel|Win32.Build.0 = MinSizeRel|Win32
		{18AD44B2-14B7-33B1-8B03-199FDA550358}.RelWithDebInfo|Win32.ActiveCfg = RelWithDebInfo|Win32
		{18AD44B2-14B7-33B1-8B03-199FDA550358}.RelWithDebInfo|Win32.Build.0 = RelWithDebInfo|Win32
		{EF7CC2F6-765A-3940-8F98-04DC80DF931A}.Debug|Win32.ActiveCfg = Debug|Win32
		{EF7CC2F6-765A-3940-8F98-04DC80DF931A}.Debug|Win32.Build.0 = Debug|Win32
		{EF7CC2F6-765A-3940-8F98-04DC80DF931A}.Release|Win32.ActiveCfg = Release|Win32
		{EF7CC2F6-765A-3940-8F98-04DC80DF931A}.Release|Win32.Build.0 = Release|Win32
		{EF7CC2F6-765A-3940-8F98-04DC80DF931A}.MinSizeRel|Win32.ActiveCfg = MinSizeRel|Win32
		{EF7CC2F6-765A-3940-8F98-04DC80DF931A}.MinSizeRel|Win32.Build.0 = MinSizeRel|Win32
		{EF7CC2F6-765A-3940-8F98-04DC80DF931A}.RelWithDebInfo|Win32.ActiveCfg = RelWithDebInfo|Win32
		{EF7CC2F6-765A-3940-8F98-04DC80DF931A}.RelWithDebInfo|Win32.Build.0 = RelWithDebInfo|Win32
		{0D084F0B-FE29-30CD-B52A-FB1FB6CDCBE7}.Debug|Win32.ActiveCfg = Debug|Win32
		{0D084F0B-FE29-30CD-B52A-FB1FB6CDCBE7}.Debug|Win32.Build.0 = Debug|Win32
		{0D084F0B-FE29-30CD-B52A-FB1FB6CDCBE7}.Release|Win32.ActiveCfg = Release|Win32
		{0D084F0B-FE29-30CD-B52A-FB1FB6CDCBE7}.Release|Win32.Build.0 = Release|Win32
		{0D084F0B-FE29-30CD-B52A-FB1FB6CDCBE7}.MinSizeRel|Win32.ActiveCfg = MinSizeRel|Win32
		{0D084F0B-FE29-30CD-B52A-FB1FB6CDCBE7}.MinSizeRel|Win32.Build.0 = MinSizeRel|Win32
		{0D084F0B-FE29-30CD-B52A-FB1FB6CDCBE7}.RelWithDebInfo|Win32.ActiveCfg = RelWithDebInfo|Win32
		{0D084F0B-FE29-30CD-B52A-FB1FB6CDCBE7}.RelWithDebInfo|Win32.Build.0 = RelWithDebInfo|Win32
		{602F75A2-237A-301E-BB51-3CEF670C2453}.Debug|Win32.ActiveCfg = Debug|Win32
		{602F75A2-237A-301E-BB51-3CEF670C2453}.Debug|Win32.Build.0 = Debug|Win32
		{602F75A2-237A-301E-BB51-3CEF670C2453}.Release|Win32.ActiveCfg = Release|Win32
		{602F75A2-237A-301E-BB51-3CEF670C2453}.Release|Win32.Build.0 = Release|Win32
		{602F75A2-237A-301E-BB51-3CEF670C2453}.MinSizeRel|Win32.ActiveCfg = MinSizeRel|Win32
		{602F75A2-237A-301E-BB51-3CEF670C2453}.MinSizeRel|Win32.Build.0 = MinSizeRel|Win32
		{602F75A2-237A-301E-BB51-3CEF670C2453}.RelWithDebInfo|Win32.ActiveCfg = RelWithDebInfo|Win32
		{602F75A2-237A-301E-BB51-3CEF670C2453}.RelWithDebInfo|Win32.Build.0 = RelWithDebInfo|Win32
		{63DE2468-936B-33F3-B688-6B8428297226}.Debug|Win32.ActiveCfg = Debug|Win32
		{63DE2468-936B-33F3-B688-6B8428297226}.Debug|Win32.Build.0 = Debug|Win32
		{63DE2468-936B-33F3-B688-6B8428297226}.Release|Win32.ActiveCfg = Release|Win32
		{63DE2468-936B-33F3-B688-6B8428297226}.Release|Win32.Build.0 = Release|Win32
		{63DE2468-936B-33F3-B688-6B8428297226}.MinSizeRel|Win32.ActiveCfg = MinSizeRel|Win32
		{63DE2468-936B-33F3-B688-6B8428297226}.MinSizeRel|Win32.Build.0 = MinSizeRel|Win32
		{63DE2468-936B-33F3-B688-6B8428297226}.RelWithDebInfo|Win32.ActiveCfg = RelWithDebInfo|Win32
		{63DE2468-936B-33F3-B688-6B8428297226}.RelWithDebInfo|Win32.Build.0 = RelWithDebInfo|Win32
		{D7182421-4AD3-3F31-BB16-E98840888F4B}.Debug|Win32.ActiveCfg = Debug|Win32
		{D7182421-4AD3-3F31-BB16-E98840888F4B}.Debug|Win32.Build.0 = Debug|Win32
		{D7182421-4AD3-3F31-BB16-E98840888F4B}.Release|Win32.ActiveCfg = Release|Win32
		{D7182421-4AD3-3F31-BB16-E98840888F4B}.Release|Win32.Build.0 = Release|Win32
		{D7182421-4AD3-3F31-BB16-E98840888F4B}.MinSizeRel|Win32.ActiveCfg = MinSizeRel|Win32
		{D7182421-4AD3-3F31-BB16-E98840888F4B}.MinSizeRel|Win32.Build.0 = MinSizeRel|Win32
		{D7182421-4AD3-3F31-BB16-E98840888F4B}.RelWithDebInfo|Win32.ActiveCfg = RelWithDebInfo|Win32
		{D7182421-4AD3-3F31-BB16-E98840888F4B}.RelWithDebInfo|Win32.Build.0 = RelWithDebInfo|Win32
	EndGlobalSection
	GlobalSection(ExtensibilityGlobals) = postSolution
		SolutionGuid = {44BFA709-276B-37B5-B45B-02CDAD4F571C}
	EndGlobalSection
	GlobalSection(ExtensibilityAddIns) = postSolution
	EndGlobalSection
EndGlobal
