<?xml version="1.0" encoding="utf-8"?>
<Project ToolsVersion="4.0" xmlns="http://schemas.microsoft.com/developer/msbuild/2003">
  <ItemGroup>
    <Filter Include="Source Files">
      <UniqueIdentifier>{4FC737F1-C7A5-4376-A066-2A32D752A2FF}</UniqueIdentifier>
      <Extensions>cpp;c;cc;cxx;def;odl;idl;hpj;bat;asm;asmx</Extensions>
    </Filter>
    <Filter Include="Header Files">
      <UniqueIdentifier>{93995380-89BD-4b04-88EB-625FBE52EBFB}</UniqueIdentifier>
      <Extensions>h;hh;hpp;hxx;hm;inl;inc;xsd</Extensions>
    </Filter>
    <Filter Include="Source Files\Animations">
      <UniqueIdentifier>{aeed4b3a-ba22-42f5-bc4a-7590d4276f29}</UniqueIdentifier>
    </Filter>
    <Filter Include="Source Files\MainWindow">
      <UniqueIdentifier>{b38c90dd-e644-44c4-9cb3-05d652a9445c}</UniqueIdentifier>
    </Filter>
    <Filter Include="Source Files\ManagementOfApplication">
      <UniqueIdentifier>{9d962cef-a940-4906-8b9f-aaa8c21bc2fb}</UniqueIdentifier>
    </Filter>
    <Filter Include="Source Files\RenderableObject">
      <UniqueIdentifier>{93d9f726-930b-4ba5-9bab-fed1e17b5773}</UniqueIdentifier>
    </Filter>
    <Filter Include="Source Files\Particle">
      <UniqueIdentifier>{c426900c-524d-4205-8983-0e717dcacd25}</UniqueIdentifier>
    </Filter>
    <Filter Include="Source Files\Listeners">
      <UniqueIdentifier>{d69e654f-f52a-4db5-8058-7434a3000b91}</UniqueIdentifier>
    </Filter>
    <Filter Include="Source Files\RenderableObject\GuiElement">
      <UniqueIdentifier>{d89409b5-f73f-4715-83f5-4b59686b7cad}</UniqueIdentifier>
    </Filter>
    <Filter Include="Source Files\EventHandlers">
      <UniqueIdentifier>{867f0138-f5a2-459b-8cda-54f1cb7cd28e}</UniqueIdentifier>
    </Filter>
    <Filter Include="Source Files\FIleManagement">
      <UniqueIdentifier>{c4994153-93bf-466e-b80f-622c03c6097d}</UniqueIdentifier>
    </Filter>
    <Filter Include="Header Files\Animation">
      <UniqueIdentifier>{ea76cf55-19ce-44a7-bf9a-6cdac62d968a}</UniqueIdentifier>
    </Filter>
    <Filter Include="Header Files\FileManagement">
      <UniqueIdentifier>{bb9e11d5-bf4d-4e76-a960-11e2180c2d0f}</UniqueIdentifier>
    </Filter>
    <Filter Include="Header Files\Listeners">
      <UniqueIdentifier>{70acaa6d-4e3c-4c07-b8a6-bb75b6df4e59}</UniqueIdentifier>
    </Filter>
    <Filter Include="Header Files\Structures">
      <UniqueIdentifier>{6adc50c2-cbc3-4bdb-a1a8-7cb8d300e9b5}</UniqueIdentifier>
    </Filter>
    <Filter Include="Header Files\RenderableObject">
      <UniqueIdentifier>{7da71705-9a98-47c0-9497-77429ebc13a2}</UniqueIdentifier>
    </Filter>
  </ItemGroup>
  <ItemGroup>
    <ClCompile Include="Animation.cpp">
      <Filter>Source Files\Animations</Filter>
    </ClCompile>
    <ClCompile Include="LevelController.cpp">
      <Filter>Source Files\ManagementOfApplication</Filter>
    </ClCompile>
    <ClCompile Include="SdlWindow.cpp">
      <Filter>Source Files\MainWindow</Filter>
    </ClCompile>
    <ClCompile Include="TetrisAnimation.cpp">
      <Filter>Source Files\Animations</Filter>
    </ClCompile>
    <ClCompile Include="GoniometricAnimation.cpp">
      <Filter>Source Files\Animations</Filter>
    </ClCompile>
    <ClCompile Include="SinCosAnimation.cpp">
      <Filter>Source Files\Animations</Filter>
    </ClCompile>
    <ClCompile Include="TangCotgAnimation.cpp">
      <Filter>Source Files\Animations</Filter>
    </ClCompile>
    <ClCompile Include="BasicItem.cpp">
      <Filter>Source Files\RenderableObject</Filter>
    </ClCompile>
    <ClCompile Include="Source.cpp">
      <Filter>Source Files\MainWindow</Filter>
    </ClCompile>
    <ClCompile Include="MainParticle.cpp">
      <Filter>Source Files\Particle</Filter>
    </ClCompile>
    <ClCompile Include="Button.cpp">
      <Filter>Source Files\RenderableObject\GuiElement</Filter>
    </ClCompile>
    <ClCompile Include="EventHandler.cpp">
      <Filter>Source Files\EventHandlers</Filter>
    </ClCompile>
    <ClCompile Include="OnMouseClick.cpp">
      <Filter>Source Files\EventHandlers</Filter>
    </ClCompile>
    <ClCompile Include="FileWriter.cpp">
      <Filter>Source Files\FIleManagement</Filter>
    </ClCompile>
    <ClCompile Include="FileLoader.cpp">
      <Filter>Source Files\FIleManagement</Filter>
    </ClCompile>
    <ClCompile Include="PhysicsController.cpp">
      <Filter>Source Files</Filter>
    </ClCompile>
    <ClCompile Include="Physics.cpp">
      <Filter>Source Files</Filter>
    </ClCompile>
  </ItemGroup>
  <ItemGroup>
    <ClInclude Include="SdlWindow.h">
      <Filter>Header Files</Filter>
    </ClInclude>
    <ClInclude Include="LevelController.h">
      <Filter>Header Files</Filter>
    </ClInclude>
    <ClInclude Include="resource.h">
      <Filter>Header Files</Filter>
    </ClInclude>
    <ClInclude Include="Animation.h">
      <Filter>Header Files\Animation</Filter>
    </ClInclude>
    <ClInclude Include="SinCosAnimation.h">
      <Filter>Header Files\Animation</Filter>
    </ClInclude>
    <ClInclude Include="TetrisAnimation.h">
      <Filter>Header Files\Animation</Filter>
    </ClInclude>
    <ClInclude Include="TangCotgAnimation.h">
      <Filter>Header Files\Animation</Filter>
    </ClInclude>
    <ClInclude Include="GoniometricAnimation.h">
      <Filter>Header Files\Animation</Filter>
    </ClInclude>
    <ClInclude Include="BasicItem.h">
      <Filter>Header Files\RenderableObject</Filter>
    </ClInclude>
    <ClInclude Include="Button.h">
      <Filter>Header Files\RenderableObject</Filter>
    </ClInclude>
    <ClInclude Include="MainParticle.h">
      <Filter>Header Files\RenderableObject</Filter>
    </ClInclude>
    <ClInclude Include="FileLoader.h">
      <Filter>Header Files\FileManagement</Filter>
    </ClInclude>
    <ClInclude Include="FileWriter.h">
      <Filter>Header Files\FileManagement</Filter>
    </ClInclude>
    <ClInclude Include="EventHandler.h">
      <Filter>Header Files\Listeners</Filter>
    </ClInclude>
    <ClInclude Include="OnMouseClick.h">
      <Filter>Header Files\Listeners</Filter>
    </ClInclude>
    <ClInclude Include="structureDefinition.h">
      <Filter>Header Files\Structures</Filter>
    </ClInclude>
    <ClInclude Include="PhysicsFlag.h">
      <Filter>Header Files\Structures</Filter>
    </ClInclude>
  </ItemGroup>
</Project>