<?xml version="1.0" encoding="utf-8"?>
<Project ToolsVersion="4.0" xmlns="http://schemas.microsoft.com/developer/msbuild/2003">
  <ItemGroup>
    <Filter Include="examples">
      <UniqueIdentifier>{DB265943-6CA9-0E45-8EF9-C6EFD78D0D5B}</UniqueIdentifier>
    </Filter>
    <Filter Include="examples\SharedMemory">
      <UniqueIdentifier>{4A7E594C-382A-7147-8A19-8C3145D1BFC1}</UniqueIdentifier>
    </Filter>
    <Filter Include="examples\TinyRenderer">
      <UniqueIdentifier>{96E544B4-7FA3-8843-B3E4-B97AF6EBA5A2}</UniqueIdentifier>
    </Filter>
    <Filter Include="examples\OpenGLWindow">
      <UniqueIdentifier>{E77263FF-1E49-C04E-9108-25314C39FFDA}</UniqueIdentifier>
    </Filter>
    <Filter Include="examples\Importers">
      <UniqueIdentifier>{0A34659B-6D20-5E49-8EC8-5C9A16941130}</UniqueIdentifier>
    </Filter>
    <Filter Include="examples\Importers\ImportURDFDemo">
      <UniqueIdentifier>{A52AA033-EB41-8244-AC76-E374F67E3BD9}</UniqueIdentifier>
    </Filter>
    <Filter Include="examples\Importers\ImportMJCFDemo">
      <UniqueIdentifier>{8CD59B2B-4A3F-8A4B-A352-33F679166B02}</UniqueIdentifier>
    </Filter>
    <Filter Include="examples\Utils">
      <UniqueIdentifier>{38A9A155-FEEC-4849-831D-C89DD9DA58A1}</UniqueIdentifier>
    </Filter>
    <Filter Include="Extras">
      <UniqueIdentifier>{4058C227-4C40-7447-A5A9-4AF882D72766}</UniqueIdentifier>
    </Filter>
    <Filter Include="Extras\Serialize">
      <UniqueIdentifier>{D0636965-67AD-1847-B836-A9C749358F01}</UniqueIdentifier>
    </Filter>
    <Filter Include="Extras\Serialize\BulletWorldImporter">
      <UniqueIdentifier>{FB52D429-D6D6-104D-B9D9-0106818942B5}</UniqueIdentifier>
    </Filter>
    <Filter Include="Extras\Serialize\BulletFileLoader">
      <UniqueIdentifier>{CB3599DC-C8F6-2344-997B-EB291917CF2D}</UniqueIdentifier>
    </Filter>
    <Filter Include="examples\Importers\ImportObjDemo">
      <UniqueIdentifier>{64161025-F52E-0F48-83E6-1D62111C61B1}</UniqueIdentifier>
    </Filter>
    <Filter Include="examples\Importers\ImportSTLDemo">
      <UniqueIdentifier>{9E194189-4995-5A49-9EB7-46EE281CAB69}</UniqueIdentifier>
    </Filter>
    <Filter Include="examples\Importers\ImportColladaDemo">
      <UniqueIdentifier>{5E95B56B-6812-944D-BC2A-38EEED899BBC}</UniqueIdentifier>
    </Filter>
    <Filter Include="examples\ThirdPartyLibs">
      <UniqueIdentifier>{DA05FF87-FD4E-6A49-88DC-214FFD446D89}</UniqueIdentifier>
    </Filter>
    <Filter Include="examples\ThirdPartyLibs\Wavefront">
      <UniqueIdentifier>{EECAD2C7-4CF7-9144-99E1-20696C70B795}</UniqueIdentifier>
    </Filter>
    <Filter Include="examples\ThirdPartyLibs\tinyxml">
      <UniqueIdentifier>{5DE8723E-AD80-FB4B-935E-89EDEA068A6D}</UniqueIdentifier>
    </Filter>
    <Filter Include="examples\Importers\ImportMeshUtility">
      <UniqueIdentifier>{CD00FAB3-1247-4948-A8AF-2AF4EBCECF38}</UniqueIdentifier>
    </Filter>
    <Filter Include="examples\ThirdPartyLibs\stb_image">
      <UniqueIdentifier>{086A8F88-74D2-CD43-ACC6-3A0F128BD9AD}</UniqueIdentifier>
    </Filter>
    <Filter Include="examples\SharedMemory\udp">
      <UniqueIdentifier>{0B443D80-3D16-3C4F-8C57-13CDCD012548}</UniqueIdentifier>
    </Filter>
  </ItemGroup>
  <ItemGroup>
    <None Include="..\..\Extras\Serialize\BulletWorldImporter\CMakeLists.txt">
      <Filter>Extras\Serialize\BulletWorldImporter</Filter>
    </None>
    <None Include="..\..\Extras\Serialize\BulletWorldImporter\premake4.lua">
      <Filter>Extras\Serialize\BulletWorldImporter</Filter>
    </None>
    <None Include="..\..\Extras\Serialize\BulletFileLoader\CMakeLists.txt">
      <Filter>Extras\Serialize\BulletFileLoader</Filter>
    </None>
    <None Include="..\..\Extras\Serialize\BulletFileLoader\premake4.lua">
      <Filter>Extras\Serialize\BulletFileLoader</Filter>
    </None>
  </ItemGroup>
  <ItemGroup>
    <ClInclude Include="..\..\examples\SharedMemory\IKTrajectoryHelper.h">
      <Filter>examples\SharedMemory</Filter>
    </ClInclude>
    <ClInclude Include="..\..\examples\SharedMemory\SharedMemoryCommands.h">
      <Filter>examples\SharedMemory</Filter>
    </ClInclude>
    <ClInclude Include="..\..\examples\SharedMemory\SharedMemoryPublic.h">
      <Filter>examples\SharedMemory</Filter>
    </ClInclude>
    <ClInclude Include="..\..\examples\SharedMemory\PhysicsServerCommandProcessor.h">
      <Filter>examples\SharedMemory</Filter>
    </ClInclude>
    <ClInclude Include="..\..\examples\SharedMemory\TinyRendererVisualShapeConverter.h">
      <Filter>examples\SharedMemory</Filter>
    </ClInclude>
    <ClInclude Include="..\..\examples\OpenGLWindow\SimpleCamera.h">
      <Filter>examples\OpenGLWindow</Filter>
    </ClInclude>
    <ClInclude Include="..\..\examples\Importers\ImportURDFDemo\ConvertRigidBodies2MultiBody.h">
      <Filter>examples\Importers\ImportURDFDemo</Filter>
    </ClInclude>
    <ClInclude Include="..\..\examples\Importers\ImportURDFDemo\MultiBodyCreationInterface.h">
      <Filter>examples\Importers\ImportURDFDemo</Filter>
    </ClInclude>
    <ClInclude Include="..\..\examples\Importers\ImportURDFDemo\MyMultiBodyCreator.h">
      <Filter>examples\Importers\ImportURDFDemo</Filter>
    </ClInclude>
    <ClInclude Include="..\..\examples\Importers\ImportMJCFDemo\BulletMJCFImporter.h">
      <Filter>examples\Importers\ImportMJCFDemo</Filter>
    </ClInclude>
    <ClInclude Include="..\..\examples\Importers\ImportURDFDemo\BulletUrdfImporter.h">
      <Filter>examples\Importers\ImportURDFDemo</Filter>
    </ClInclude>
    <ClInclude Include="..\..\examples\Importers\ImportURDFDemo\UrdfParser.h">
      <Filter>examples\Importers\ImportURDFDemo</Filter>
    </ClInclude>
    <ClInclude Include="..\..\examples\Importers\ImportURDFDemo\URDF2Bullet.h">
      <Filter>examples\Importers\ImportURDFDemo</Filter>
    </ClInclude>
    <ClInclude Include="..\..\examples\Utils\ChromeTraceUtil.h">
      <Filter>examples\Utils</Filter>
    </ClInclude>
    <ClInclude Include="..\..\examples\Utils\RobotLoggingUtil.h">
      <Filter>examples\Utils</Filter>
    </ClInclude>
    <ClInclude Include="..\..\Extras\Serialize\BulletWorldImporter\btBulletWorldImporter.h">
      <Filter>Extras\Serialize\BulletWorldImporter</Filter>
    </ClInclude>
    <ClInclude Include="..\..\Extras\Serialize\BulletWorldImporter\btWorldImporter.h">
      <Filter>Extras\Serialize\BulletWorldImporter</Filter>
    </ClInclude>
    <ClInclude Include="..\..\Extras\Serialize\BulletFileLoader\bChunk.h">
      <Filter>Extras\Serialize\BulletFileLoader</Filter>
    </ClInclude>
    <ClInclude Include="..\..\Extras\Serialize\BulletFileLoader\bCommon.h">
      <Filter>Extras\Serialize\BulletFileLoader</Filter>
    </ClInclude>
    <ClInclude Include="..\..\Extras\Serialize\BulletFileLoader\bDefines.h">
      <Filter>Extras\Serialize\BulletFileLoader</Filter>
    </ClInclude>
    <ClInclude Include="..\..\Extras\Serialize\BulletFileLoader\bDNA.h">
      <Filter>Extras\Serialize\BulletFileLoader</Filter>
    </ClInclude>
    <ClInclude Include="..\..\Extras\Serialize\BulletFileLoader\bFile.h">
      <Filter>Extras\Serialize\BulletFileLoader</Filter>
    </ClInclude>
    <ClInclude Include="..\..\Extras\Serialize\BulletFileLoader\btBulletFile.h">
      <Filter>Extras\Serialize\BulletFileLoader</Filter>
    </ClInclude>
    <ClInclude Include="..\..\examples\Importers\ImportURDFDemo\URDFImporterInterface.h">
      <Filter>examples\Importers\ImportURDFDemo</Filter>
    </ClInclude>
    <ClInclude Include="..\..\examples\Importers\ImportURDFDemo\URDFJointTypes.h">
      <Filter>examples\Importers\ImportURDFDemo</Filter>
    </ClInclude>
    <ClInclude Include="..\..\examples\Importers\ImportSTLDemo\ImportSTLSetup.h">
      <Filter>examples\Importers\ImportSTLDemo</Filter>
    </ClInclude>
    <ClInclude Include="..\..\examples\Importers\ImportSTLDemo\LoadMeshFromSTL.h">
      <Filter>examples\Importers\ImportSTLDemo</Filter>
    </ClInclude>
    <ClInclude Include="..\..\examples\Importers\ImportColladaDemo\ColladaGraphicsInstance.h">
      <Filter>examples\Importers\ImportColladaDemo</Filter>
    </ClInclude>
  </ItemGroup>
  <ItemGroup>
    <ClCompile Include="..\..\examples\SharedMemory\IKTrajectoryHelper.cpp">
      <Filter>examples\SharedMemory</Filter>
    </ClCompile>
    <ClCompile Include="..\..\examples\SharedMemory\PhysicsServerCommandProcessor.cpp">
      <Filter>examples\SharedMemory</Filter>
    </ClCompile>
    <ClCompile Include="..\..\examples\SharedMemory\b3PluginManager.cpp">
      <Filter>examples\SharedMemory</Filter>
    </ClCompile>
    <ClCompile Include="..\..\examples\SharedMemory\PhysicsDirect.cpp">
      <Filter>examples\SharedMemory</Filter>
    </ClCompile>
    <ClCompile Include="..\..\examples\SharedMemory\PhysicsClient.cpp">
      <Filter>examples\SharedMemory</Filter>
    </ClCompile>
    <ClCompile Include="..\..\examples\SharedMemory\TinyRendererVisualShapeConverter.cpp">
      <Filter>examples\SharedMemory</Filter>
    </ClCompile>
    <ClCompile Include="..\..\examples\TinyRenderer\geometry.cpp">
      <Filter>examples\TinyRenderer</Filter>
    </ClCompile>
    <ClCompile Include="..\..\examples\TinyRenderer\model.cpp">
      <Filter>examples\TinyRenderer</Filter>
    </ClCompile>
    <ClCompile Include="..\..\examples\TinyRenderer\tgaimage.cpp">
      <Filter>examples\TinyRenderer</Filter>
    </ClCompile>
    <ClCompile Include="..\..\examples\TinyRenderer\our_gl.cpp">
      <Filter>examples\TinyRenderer</Filter>
    </ClCompile>
    <ClCompile Include="..\..\examples\TinyRenderer\TinyRenderer.cpp">
      <Filter>examples\TinyRenderer</Filter>
    </ClCompile>
    <ClCompile Include="..\..\examples\OpenGLWindow\SimpleCamera.cpp">
      <Filter>examples\OpenGLWindow</Filter>
    </ClCompile>
    <ClCompile Include="..\..\examples\Importers\ImportURDFDemo\MyMultiBodyCreator.cpp">
      <Filter>examples\Importers\ImportURDFDemo</Filter>
    </ClCompile>
    <ClCompile Include="..\..\examples\Importers\ImportMJCFDemo\BulletMJCFImporter.cpp">
      <Filter>examples\Importers\ImportMJCFDemo</Filter>
    </ClCompile>
    <ClCompile Include="..\..\examples\Importers\ImportURDFDemo\BulletUrdfImporter.cpp">
      <Filter>examples\Importers\ImportURDFDemo</Filter>
    </ClCompile>
    <ClCompile Include="..\..\examples\Importers\ImportURDFDemo\UrdfParser.cpp">
      <Filter>examples\Importers\ImportURDFDemo</Filter>
    </ClCompile>
    <ClCompile Include="..\..\examples\Importers\ImportURDFDemo\urdfStringSplit.cpp">
      <Filter>examples\Importers\ImportURDFDemo</Filter>
    </ClCompile>
    <ClCompile Include="..\..\examples\Importers\ImportURDFDemo\URDF2Bullet.cpp">
      <Filter>examples\Importers\ImportURDFDemo</Filter>
    </ClCompile>
    <ClCompile Include="..\..\examples\Utils\b3ResourcePath.cpp">
      <Filter>examples\Utils</Filter>
    </ClCompile>
    <ClCompile Include="..\..\examples\Utils\b3Clock.cpp">
      <Filter>examples\Utils</Filter>
    </ClCompile>
    <ClCompile Include="..\..\examples\Utils\ChromeTraceUtil.cpp">
      <Filter>examples\Utils</Filter>
    </ClCompile>
    <ClCompile Include="..\..\examples\Utils\RobotLoggingUtil.cpp">
      <Filter>examples\Utils</Filter>
    </ClCompile>
    <ClCompile Include="..\..\Extras\Serialize\BulletWorldImporter\btBulletWorldImporter.cpp">
      <Filter>Extras\Serialize\BulletWorldImporter</Filter>
    </ClCompile>
    <ClCompile Include="..\..\Extras\Serialize\BulletWorldImporter\btWorldImporter.cpp">
      <Filter>Extras\Serialize\BulletWorldImporter</Filter>
    </ClCompile>
    <ClCompile Include="..\..\Extras\Serialize\BulletFileLoader\bChunk.cpp">
      <Filter>Extras\Serialize\BulletFileLoader</Filter>
    </ClCompile>
    <ClCompile Include="..\..\Extras\Serialize\BulletFileLoader\bDNA.cpp">
      <Filter>Extras\Serialize\BulletFileLoader</Filter>
    </ClCompile>
    <ClCompile Include="..\..\Extras\Serialize\BulletFileLoader\bFile.cpp">
      <Filter>Extras\Serialize\BulletFileLoader</Filter>
    </ClCompile>
    <ClCompile Include="..\..\Extras\Serialize\BulletFileLoader\btBulletFile.cpp">
      <Filter>Extras\Serialize\BulletFileLoader</Filter>
    </ClCompile>
    <ClCompile Include="..\..\examples\Importers\ImportObjDemo\Wavefront2GLInstanceGraphicsShape.cpp">
      <Filter>examples\Importers\ImportObjDemo</Filter>
    </ClCompile>
    <ClCompile Include="..\..\examples\Importers\ImportObjDemo\LoadMeshFromObj.cpp">
      <Filter>examples\Importers\ImportObjDemo</Filter>
    </ClCompile>
    <ClCompile Include="..\..\examples\Importers\ImportColladaDemo\LoadMeshFromCollada.cpp">
      <Filter>examples\Importers\ImportColladaDemo</Filter>
    </ClCompile>
    <ClCompile Include="..\..\examples\ThirdPartyLibs\Wavefront\tiny_obj_loader.cpp">
      <Filter>examples\ThirdPartyLibs\Wavefront</Filter>
    </ClCompile>
    <ClCompile Include="..\..\examples\ThirdPartyLibs\tinyxml\tinystr.cpp">
      <Filter>examples\ThirdPartyLibs\tinyxml</Filter>
    </ClCompile>
    <ClCompile Include="..\..\examples\ThirdPartyLibs\tinyxml\tinyxml.cpp">
      <Filter>examples\ThirdPartyLibs\tinyxml</Filter>
    </ClCompile>
    <ClCompile Include="..\..\examples\ThirdPartyLibs\tinyxml\tinyxmlerror.cpp">
      <Filter>examples\ThirdPartyLibs\tinyxml</Filter>
    </ClCompile>
    <ClCompile Include="..\..\examples\ThirdPartyLibs\tinyxml\tinyxmlparser.cpp">
      <Filter>examples\ThirdPartyLibs\tinyxml</Filter>
    </ClCompile>
    <ClCompile Include="..\..\examples\Importers\ImportMeshUtility\b3ImportMeshUtility.cpp">
      <Filter>examples\Importers\ImportMeshUtility</Filter>
    </ClCompile>
    <ClCompile Include="..\..\examples\ThirdPartyLibs\stb_image\stb_image.cpp">
      <Filter>examples\ThirdPartyLibs\stb_image</Filter>
    </ClCompile>
    <ClCompile Include="..\..\examples\SharedMemory\udp\main.cpp">
      <Filter>examples\SharedMemory\udp</Filter>
    </ClCompile>
  </ItemGroup>
</Project>
