<?xml version="1.0" encoding="utf-8"?>
<Project ToolsVersion="4.0" xmlns="http://schemas.microsoft.com/developer/msbuild/2003">
  <ItemGroup>
    <Filter Include="examples">
      <UniqueIdentifier>{69871F46-8FE6-F047-A125-7F635C4D73B0}</UniqueIdentifier>
    </Filter>
    <Filter Include="examples\ThirdPartyLibs">
      <UniqueIdentifier>{F2D26ED2-002E-FC4C-BF38-6F48E53BAA3C}</UniqueIdentifier>
    </Filter>
    <Filter Include="examples\ThirdPartyLibs\Glew">
      <UniqueIdentifier>{3068C138-22F9-504C-93B8-2A933585487F}</UniqueIdentifier>
    </Filter>
    <Filter Include="examples\SharedMemory">
      <UniqueIdentifier>{7ACE69C8-6A0B-9649-AB21-D81C66FC5BED}</UniqueIdentifier>
    </Filter>
    <Filter Include="examples\RobotSimulator">
      <UniqueIdentifier>{28FA49D6-E4EB-B742-BF5B-922EF9318069}</UniqueIdentifier>
    </Filter>
    <Filter Include="examples\ExampleBrowser">
      <UniqueIdentifier>{ECD40A25-F7A2-194F-8707-36892BE92988}</UniqueIdentifier>
    </Filter>
    <Filter Include="examples\TinyRenderer">
      <UniqueIdentifier>{8A32CD96-9031-6E48-B391-8FA8182A08D1}</UniqueIdentifier>
    </Filter>
    <Filter Include="examples\Utils">
      <UniqueIdentifier>{7E505A96-B64F-434D-9E6C-C453A2D68B53}</UniqueIdentifier>
    </Filter>
    <Filter Include="examples\ThirdPartyLibs\tinyxml">
      <UniqueIdentifier>{5AD7C6E5-0621-5F4C-88DE-FF4F0AB0E9E1}</UniqueIdentifier>
    </Filter>
    <Filter Include="examples\ThirdPartyLibs\Wavefront">
      <UniqueIdentifier>{995175C2-70E9-D44C-B499-14C2800CA7EF}</UniqueIdentifier>
    </Filter>
    <Filter Include="examples\Importers">
      <UniqueIdentifier>{B5EEED5D-6C0C-7948-9FAF-F8C22F1CB65F}</UniqueIdentifier>
    </Filter>
    <Filter Include="examples\Importers\ImportColladaDemo">
      <UniqueIdentifier>{4F103095-8E19-F942-9681-EB8CC41AC4E3}</UniqueIdentifier>
    </Filter>
    <Filter Include="examples\Importers\ImportObjDemo">
      <UniqueIdentifier>{46BB71A8-D0C4-B149-A8FF-D0CE240A41D8}</UniqueIdentifier>
    </Filter>
    <Filter Include="examples\Importers\ImportMJCFDemo">
      <UniqueIdentifier>{0E9ABF17-68A3-0344-B316-2B1E57DAEF55}</UniqueIdentifier>
    </Filter>
    <Filter Include="examples\Importers\ImportURDFDemo">
      <UniqueIdentifier>{024A1104-5F2C-7849-AAF7-6A60FFCE911E}</UniqueIdentifier>
    </Filter>
    <Filter Include="examples\MultiThreading">
      <UniqueIdentifier>{BD18C149-01AB-EF41-BA2D-C234A6D36986}</UniqueIdentifier>
    </Filter>
    <Filter Include="examples\Importers\ImportMeshUtility">
      <UniqueIdentifier>{2FE96C2D-FCC7-9E49-B8EB-885563481DD1}</UniqueIdentifier>
    </Filter>
    <Filter Include="examples\ThirdPartyLibs\stb_image">
      <UniqueIdentifier>{525559E1-2FDE-6449-B645-F088AC4CB4C7}</UniqueIdentifier>
    </Filter>
  </ItemGroup>
  <ItemGroup>
    <ClInclude Include="..\..\examples\SharedMemory\PhysicsClientUDP.h">
      <Filter>examples\SharedMemory</Filter>
    </ClInclude>
    <ClInclude Include="..\..\examples\SharedMemory\PhysicsClientUDP_C_API.h">
      <Filter>examples\SharedMemory</Filter>
    </ClInclude>
    <ClInclude Include="..\..\examples\SharedMemory\PhysicsClientTCP.h">
      <Filter>examples\SharedMemory</Filter>
    </ClInclude>
    <ClInclude Include="..\..\examples\SharedMemory\PhysicsClientTCP_C_API.h">
      <Filter>examples\SharedMemory</Filter>
    </ClInclude>
    <ClInclude Include="..\..\examples\RobotSimulator\b3RobotSimulatorClientAPI.h">
      <Filter>examples\RobotSimulator</Filter>
    </ClInclude>
    <ClInclude Include="..\..\examples\RobotSimulator\MinitaurSetup.h">
      <Filter>examples\RobotSimulator</Filter>
    </ClInclude>
    <ClInclude Include="..\..\examples\SharedMemory\IKTrajectoryHelper.h">
      <Filter>examples\SharedMemory</Filter>
    </ClInclude>
    <ClInclude Include="..\..\examples\SharedMemory\PhysicsClient.h">
      <Filter>examples\SharedMemory</Filter>
    </ClInclude>
    <ClInclude Include="..\..\examples\SharedMemory\PhysicsServer.h">
      <Filter>examples\SharedMemory</Filter>
    </ClInclude>
    <ClInclude Include="..\..\examples\SharedMemory\PhysicsServerSharedMemory.h">
      <Filter>examples\SharedMemory</Filter>
    </ClInclude>
    <ClInclude Include="..\..\examples\SharedMemory\PhysicsDirect.h">
      <Filter>examples\SharedMemory</Filter>
    </ClInclude>
    <ClInclude Include="..\..\examples\SharedMemory\PhysicsDirectC_API.h">
      <Filter>examples\SharedMemory</Filter>
    </ClInclude>
    <ClInclude Include="..\..\examples\SharedMemory\PhysicsServerCommandProcessor.h">
      <Filter>examples\SharedMemory</Filter>
    </ClInclude>
    <ClInclude Include="..\..\examples\SharedMemory\PhysicsClientSharedMemory.h">
      <Filter>examples\SharedMemory</Filter>
    </ClInclude>
    <ClInclude Include="..\..\examples\SharedMemory\PhysicsClientSharedMemory_C_API.h">
      <Filter>examples\SharedMemory</Filter>
    </ClInclude>
    <ClInclude Include="..\..\examples\SharedMemory\PhysicsClientC_API.h">
      <Filter>examples\SharedMemory</Filter>
    </ClInclude>
    <ClInclude Include="..\..\examples\SharedMemory\Win32SharedMemory.h">
      <Filter>examples\SharedMemory</Filter>
    </ClInclude>
    <ClInclude Include="..\..\examples\SharedMemory\PosixSharedMemory.h">
      <Filter>examples\SharedMemory</Filter>
    </ClInclude>
    <ClInclude Include="..\..\examples\SharedMemory\TinyRendererVisualShapeConverter.h">
      <Filter>examples\SharedMemory</Filter>
    </ClInclude>
    <ClInclude Include="..\..\examples\Utils\b3ResourcePath.h">
      <Filter>examples\Utils</Filter>
    </ClInclude>
    <ClInclude Include="..\..\examples\Utils\RobotLoggingUtil.h">
      <Filter>examples\Utils</Filter>
    </ClInclude>
    <ClInclude Include="..\..\examples\ThirdPartyLibs\Wavefront\tiny_obj_loader.h">
      <Filter>examples\ThirdPartyLibs\Wavefront</Filter>
    </ClInclude>
  </ItemGroup>
  <ItemGroup>
    <ClCompile Include="..\..\examples\ThirdPartyLibs\Glew\glew.c">
      <Filter>examples\ThirdPartyLibs\Glew</Filter>
    </ClCompile>
    <ClCompile Include="..\..\examples\SharedMemory\PhysicsClientUDP.cpp">
      <Filter>examples\SharedMemory</Filter>
    </ClCompile>
    <ClCompile Include="..\..\examples\SharedMemory\PhysicsClientUDP_C_API.cpp">
      <Filter>examples\SharedMemory</Filter>
    </ClCompile>
    <ClCompile Include="..\..\examples\SharedMemory\PhysicsClientTCP.cpp">
      <Filter>examples\SharedMemory</Filter>
    </ClCompile>
    <ClCompile Include="..\..\examples\SharedMemory\PhysicsClientTCP_C_API.cpp">
      <Filter>examples\SharedMemory</Filter>
    </ClCompile>
    <ClCompile Include="..\..\examples\RobotSimulator\RobotSimulatorMain.cpp">
      <Filter>examples\RobotSimulator</Filter>
    </ClCompile>
    <ClCompile Include="..\..\examples\RobotSimulator\b3RobotSimulatorClientAPI.cpp">
      <Filter>examples\RobotSimulator</Filter>
    </ClCompile>
    <ClCompile Include="..\..\examples\RobotSimulator\MinitaurSetup.cpp">
      <Filter>examples\RobotSimulator</Filter>
    </ClCompile>
    <ClCompile Include="..\..\examples\SharedMemory\IKTrajectoryHelper.cpp">
      <Filter>examples\SharedMemory</Filter>
    </ClCompile>
    <ClCompile Include="..\..\examples\ExampleBrowser\InProcessExampleBrowser.cpp">
      <Filter>examples\ExampleBrowser</Filter>
    </ClCompile>
    <ClCompile Include="..\..\examples\SharedMemory\InProcessMemory.cpp">
      <Filter>examples\SharedMemory</Filter>
    </ClCompile>
    <ClCompile Include="..\..\examples\SharedMemory\PhysicsClient.cpp">
      <Filter>examples\SharedMemory</Filter>
    </ClCompile>
    <ClCompile Include="..\..\examples\SharedMemory\PhysicsServer.cpp">
      <Filter>examples\SharedMemory</Filter>
    </ClCompile>
    <ClCompile Include="..\..\examples\SharedMemory\PhysicsServerExample.cpp">
      <Filter>examples\SharedMemory</Filter>
    </ClCompile>
    <ClCompile Include="..\..\examples\SharedMemory\PhysicsServerExampleBullet2.cpp">
      <Filter>examples\SharedMemory</Filter>
    </ClCompile>
    <ClCompile Include="..\..\examples\SharedMemory\SharedMemoryInProcessPhysicsC_API.cpp">
      <Filter>examples\SharedMemory</Filter>
    </ClCompile>
    <ClCompile Include="..\..\examples\SharedMemory\PhysicsServerSharedMemory.cpp">
      <Filter>examples\SharedMemory</Filter>
    </ClCompile>
    <ClCompile Include="..\..\examples\SharedMemory\PhysicsDirect.cpp">
      <Filter>examples\SharedMemory</Filter>
    </ClCompile>
    <ClCompile Include="..\..\examples\SharedMemory\PhysicsDirectC_API.cpp">
      <Filter>examples\SharedMemory</Filter>
    </ClCompile>
    <ClCompile Include="..\..\examples\SharedMemory\PhysicsServerCommandProcessor.cpp">
      <Filter>examples\SharedMemory</Filter>
    </ClCompile>
    <ClCompile Include="..\..\examples\SharedMemory\b3PluginManager.cpp">
      <Filter>examples\SharedMemory</Filter>
    </ClCompile>
    <ClCompile Include="..\..\examples\SharedMemory\PhysicsClientSharedMemory.cpp">
      <Filter>examples\SharedMemory</Filter>
    </ClCompile>
    <ClCompile Include="..\..\examples\SharedMemory\PhysicsClientSharedMemory_C_API.cpp">
      <Filter>examples\SharedMemory</Filter>
    </ClCompile>
    <ClCompile Include="..\..\examples\SharedMemory\PhysicsClientC_API.cpp">
      <Filter>examples\SharedMemory</Filter>
    </ClCompile>
    <ClCompile Include="..\..\examples\SharedMemory\Win32SharedMemory.cpp">
      <Filter>examples\SharedMemory</Filter>
    </ClCompile>
    <ClCompile Include="..\..\examples\SharedMemory\PosixSharedMemory.cpp">
      <Filter>examples\SharedMemory</Filter>
    </ClCompile>
    <ClCompile Include="..\..\examples\SharedMemory\TinyRendererVisualShapeConverter.cpp">
      <Filter>examples\SharedMemory</Filter>
    </ClCompile>
    <ClCompile Include="..\..\examples\TinyRenderer\geometry.cpp">
      <Filter>examples\TinyRenderer</Filter>
    </ClCompile>
    <ClCompile Include="..\..\examples\TinyRenderer\model.cpp">
      <Filter>examples\TinyRenderer</Filter>
    </ClCompile>
    <ClCompile Include="..\..\examples\TinyRenderer\tgaimage.cpp">
      <Filter>examples\TinyRenderer</Filter>
    </ClCompile>
    <ClCompile Include="..\..\examples\TinyRenderer\our_gl.cpp">
      <Filter>examples\TinyRenderer</Filter>
    </ClCompile>
    <ClCompile Include="..\..\examples\TinyRenderer\TinyRenderer.cpp">
      <Filter>examples\TinyRenderer</Filter>
    </ClCompile>
    <ClCompile Include="..\..\examples\Utils\b3ResourcePath.cpp">
      <Filter>examples\Utils</Filter>
    </ClCompile>
    <ClCompile Include="..\..\examples\Utils\RobotLoggingUtil.cpp">
      <Filter>examples\Utils</Filter>
    </ClCompile>
    <ClCompile Include="..\..\examples\ThirdPartyLibs\tinyxml\tinystr.cpp">
      <Filter>examples\ThirdPartyLibs\tinyxml</Filter>
    </ClCompile>
    <ClCompile Include="..\..\examples\ThirdPartyLibs\tinyxml\tinyxml.cpp">
      <Filter>examples\ThirdPartyLibs\tinyxml</Filter>
    </ClCompile>
    <ClCompile Include="..\..\examples\ThirdPartyLibs\tinyxml\tinyxmlerror.cpp">
      <Filter>examples\ThirdPartyLibs\tinyxml</Filter>
    </ClCompile>
    <ClCompile Include="..\..\examples\ThirdPartyLibs\tinyxml\tinyxmlparser.cpp">
      <Filter>examples\ThirdPartyLibs\tinyxml</Filter>
    </ClCompile>
    <ClCompile Include="..\..\examples\ThirdPartyLibs\Wavefront\tiny_obj_loader.cpp">
      <Filter>examples\ThirdPartyLibs\Wavefront</Filter>
    </ClCompile>
    <ClCompile Include="..\..\examples\Importers\ImportColladaDemo\LoadMeshFromCollada.cpp">
      <Filter>examples\Importers\ImportColladaDemo</Filter>
    </ClCompile>
    <ClCompile Include="..\..\examples\Importers\ImportObjDemo\LoadMeshFromObj.cpp">
      <Filter>examples\Importers\ImportObjDemo</Filter>
    </ClCompile>
    <ClCompile Include="..\..\examples\Importers\ImportObjDemo\Wavefront2GLInstanceGraphicsShape.cpp">
      <Filter>examples\Importers\ImportObjDemo</Filter>
    </ClCompile>
    <ClCompile Include="..\..\examples\Importers\ImportMJCFDemo\BulletMJCFImporter.cpp">
      <Filter>examples\Importers\ImportMJCFDemo</Filter>
    </ClCompile>
    <ClCompile Include="..\..\examples\Importers\ImportURDFDemo\BulletUrdfImporter.cpp">
      <Filter>examples\Importers\ImportURDFDemo</Filter>
    </ClCompile>
    <ClCompile Include="..\..\examples\Importers\ImportURDFDemo\MyMultiBodyCreator.cpp">
      <Filter>examples\Importers\ImportURDFDemo</Filter>
    </ClCompile>
    <ClCompile Include="..\..\examples\Importers\ImportURDFDemo\URDF2Bullet.cpp">
      <Filter>examples\Importers\ImportURDFDemo</Filter>
    </ClCompile>
    <ClCompile Include="..\..\examples\Importers\ImportURDFDemo\UrdfParser.cpp">
      <Filter>examples\Importers\ImportURDFDemo</Filter>
    </ClCompile>
    <ClCompile Include="..\..\examples\Importers\ImportURDFDemo\urdfStringSplit.cpp">
      <Filter>examples\Importers\ImportURDFDemo</Filter>
    </ClCompile>
    <ClCompile Include="..\..\examples\MultiThreading\b3PosixThreadSupport.cpp">
      <Filter>examples\MultiThreading</Filter>
    </ClCompile>
    <ClCompile Include="..\..\examples\MultiThreading\b3Win32ThreadSupport.cpp">
      <Filter>examples\MultiThreading</Filter>
    </ClCompile>
    <ClCompile Include="..\..\examples\MultiThreading\b3ThreadSupportInterface.cpp">
      <Filter>examples\MultiThreading</Filter>
    </ClCompile>
    <ClCompile Include="..\..\examples\Importers\ImportMeshUtility\b3ImportMeshUtility.cpp">
      <Filter>examples\Importers\ImportMeshUtility</Filter>
    </ClCompile>
    <ClCompile Include="..\..\examples\ThirdPartyLibs\stb_image\stb_image.cpp">
      <Filter>examples\ThirdPartyLibs\stb_image</Filter>
    </ClCompile>
  </ItemGroup>
</Project>
