<?xml version="1.0" encoding="utf-8"?>
<Project ToolsVersion="4.0" xmlns="http://schemas.microsoft.com/developer/msbuild/2003">
  <ItemGroup>
    <Filter Include="src">
      <UniqueIdentifier>{D830EB17-548A-9241-A409-956BB8527654}</UniqueIdentifier>
    </Filter>
    <Filter Include="src\BulletInverseDynamics">
      <UniqueIdentifier>{50742439-7ED4-BF4D-B687-AEFF75E88269}</UniqueIdentifier>
    </Filter>
    <Filter Include="src\BulletInverseDynamics\details">
      <UniqueIdentifier>{1E3381C6-5D34-8B44-92BF-C7FB9FBECB75}</UniqueIdentifier>
    </Filter>
  </ItemGroup>
  <ItemGroup>
    <ClCompile Include="..\..\src\BulletInverseDynamics\IDMath.cpp">
      <Filter>src\BulletInverseDynamics</Filter>
    </ClCompile>
    <ClCompile Include="..\..\src\BulletInverseDynamics\MultiBodyTree.cpp">
      <Filter>src\BulletInverseDynamics</Filter>
    </ClCompile>
    <ClCompile Include="..\..\src\BulletInverseDynamics\details\MultiBodyTreeInitCache.cpp">
      <Filter>src\BulletInverseDynamics\details</Filter>
    </ClCompile>
    <ClCompile Include="..\..\src\BulletInverseDynamics\details\MultiBodyTreeImpl.cpp">
      <Filter>src\BulletInverseDynamics\details</Filter>
    </ClCompile>
  </ItemGroup>
</Project>
