<?xml version="1.0" encoding="utf-8"?>
<Project ToolsVersion="4.0" xmlns="http://schemas.microsoft.com/developer/msbuild/2003">
  <ItemGroup>
    <Filter Include="Extras">
      <UniqueIdentifier>{C65FF34F-2446-5C44-81A5-7E5023872CA2}</UniqueIdentifier>
    </Filter>
    <Filter Include="Extras\Serialize">
      <UniqueIdentifier>{A76316BE-86A0-D94C-B1EB-3E995483193F}</UniqueIdentifier>
    </Filter>
    <Filter Include="Extras\Serialize\BulletFileLoader">
      <UniqueIdentifier>{EAAEBFAA-2BD3-6542-A8F2-5959C26E57DB}</UniqueIdentifier>
    </Filter>
    <Filter Include="Extras\Serialize\BulletFileLoader\autogenerated">
      <UniqueIdentifier>{28BBE189-A6FE-204B-B653-7486AC78E5EE}</UniqueIdentifier>
    </Filter>
  </ItemGroup>
  <ItemGroup>
    <ClInclude Include="..\..\Extras\Serialize\BulletFileLoader\bChunk.h">
      <Filter>Extras\Serialize\BulletFileLoader</Filter>
    </ClInclude>
    <ClInclude Include="..\..\Extras\Serialize\BulletFileLoader\bCommon.h">
      <Filter>Extras\Serialize\BulletFileLoader</Filter>
    </ClInclude>
    <ClInclude Include="..\..\Extras\Serialize\BulletFileLoader\bDefines.h">
      <Filter>Extras\Serialize\BulletFileLoader</Filter>
    </ClInclude>
    <ClInclude Include="..\..\Extras\Serialize\BulletFileLoader\bDNA.h">
      <Filter>Extras\Serialize\BulletFileLoader</Filter>
    </ClInclude>
    <ClInclude Include="..\..\Extras\Serialize\BulletFileLoader\bFile.h">
      <Filter>Extras\Serialize\BulletFileLoader</Filter>
    </ClInclude>
    <ClInclude Include="..\..\Extras\Serialize\BulletFileLoader\btBulletFile.h">
      <Filter>Extras\Serialize\BulletFileLoader</Filter>
    </ClInclude>
    <ClInclude Include="..\..\Extras\Serialize\BulletFileLoader\autogenerated\bullet.h">
      <Filter>Extras\Serialize\BulletFileLoader\autogenerated</Filter>
    </ClInclude>
  </ItemGroup>
  <ItemGroup>
    <ClCompile Include="..\..\Extras\Serialize\BulletFileLoader\bChunk.cpp">
      <Filter>Extras\Serialize\BulletFileLoader</Filter>
    </ClCompile>
    <ClCompile Include="..\..\Extras\Serialize\BulletFileLoader\bDNA.cpp">
      <Filter>Extras\Serialize\BulletFileLoader</Filter>
    </ClCompile>
    <ClCompile Include="..\..\Extras\Serialize\BulletFileLoader\bFile.cpp">
      <Filter>Extras\Serialize\BulletFileLoader</Filter>
    </ClCompile>
    <ClCompile Include="..\..\Extras\Serialize\BulletFileLoader\btBulletFile.cpp">
      <Filter>Extras\Serialize\BulletFileLoader</Filter>
    </ClCompile>
  </ItemGroup>
</Project>
