<?xml version="1.0" encoding="utf-8"?>
<Project ToolsVersion="4.0" xmlns="http://schemas.microsoft.com/developer/msbuild/2003">
  <ItemGroup>
    <Filter Include="test">
      <UniqueIdentifier>{FAFBFC31-4EF8-884B-A574-A00A6DB4951E}</UniqueIdentifier>
    </Filter>
    <Filter Include="test\gtest-1.7.0">
      <UniqueIdentifier>{8D7CC738-A779-DC42-9AFC-3B3F26AB171B}</UniqueIdentifier>
    </Filter>
    <Filter Include="test\gtest-1.7.0\src">
      <UniqueIdentifier>{C810B0C8-B207-6147-93F8-E9CBBCFCC009}</UniqueIdentifier>
    </Filter>
  </ItemGroup>
  <ItemGroup>
    <ClCompile Include="..\..\test\gtest-1.7.0\src\gtest-all.cc">
      <Filter>test\gtest-1.7.0\src</Filter>
    </ClCompile>
  </ItemGroup>
</Project>
