<?xml version="1.0" encoding="utf-8"?>
<Project ToolsVersion="4.0" xmlns="http://schemas.microsoft.com/developer/msbuild/2003">
  <ItemGroup>
    <Filter Include="test">
      <UniqueIdentifier>{185CB20D-CDE2-C64E-B5FC-900BA6D0B399}</UniqueIdentifier>
    </Filter>
    <Filter Include="test\enet">
      <UniqueIdentifier>{72153C64-4ED6-5F41-922E-925D163A3A20}</UniqueIdentifier>
    </Filter>
    <Filter Include="test\enet\chat">
      <UniqueIdentifier>{F194E858-8162-FC4F-8CB9-34F5A27901D2}</UniqueIdentifier>
    </Filter>
    <Filter Include="test\enet\chat\client">
      <UniqueIdentifier>{511F7AB0-8858-6648-8282-873BC7F77875}</UniqueIdentifier>
    </Filter>
  </ItemGroup>
  <ItemGroup>
    <ClCompile Include="..\..\test\enet\chat\client\main.cpp">
      <Filter>test\enet\chat\client</Filter>
    </ClCompile>
  </ItemGroup>
</Project>
